// !$*UTF8*$!
{
	archiveVersion = 1;
	classes = {
	};
	objectVersion = 46;
	objects = {

/* Begin PBXBuildFile section */
		186BAE831C5C9C6C00F3C00D /* SubjectGraphViewController.m in Sources */ = {isa = PBXBuildFile; fileRef = 186BAE821C5C9C6C00F3C00D /* SubjectGraphViewController.m */; };
		186BAEB61C5CB04D00F3C00D /* GraphBaseViewController.m in Sources */ = {isa = PBXBuildFile; fileRef = 186BAEB51C5CB04D00F3C00D /* GraphBaseViewController.m */; };
		186BAEBB1C5CB3CE00F3C00D /* BalloonMarker.swift in Sources */ = {isa = PBXBuildFile; fileRef = 186BAEB81C5CB3CE00F3C00D /* BalloonMarker.swift */; };
		186BAEBC1C5CB3CE00F3C00D /* MyCustomXValueFormatter.m in Sources */ = {isa = PBXBuildFile; fileRef = 186BAEBA1C5CB3CE00F3C00D /* MyCustomXValueFormatter.m */; };
		186BAEC71C5CB6BA00F3C00D /* Charts.framework in Frameworks */ = {isa = PBXBuildFile; fileRef = 186BAE8C1C5CA11400F3C00D /* Charts.framework */; };
		186BAEC81C5CB6BA00F3C00D /* Charts.framework in Embed Frameworks */ = {isa = PBXBuildFile; fileRef = 186BAE8C1C5CA11400F3C00D /* Charts.framework */; settings = {ATTRIBUTES = (CodeSignOnCopy, RemoveHeadersOnCopy, ); }; };
		186BAECF1C5CBC9500F3C00D /* GraphBG.png in Resources */ = {isa = PBXBuildFile; fileRef = 186BAECE1C5CBC9500F3C00D /* GraphBG.png */; };
		186BAEEB1C5E884F00F3C00D /* SumbitStudentDetailsRequestObject.m in Sources */ = {isa = PBXBuildFile; fileRef = 186BAED21C5E884F00F3C00D /* SumbitStudentDetailsRequestObject.m */; };
		186BAEF01C5E884F00F3C00D /* SubmitStudentDetailsResponseObject.m in Sources */ = {isa = PBXBuildFile; fileRef = 186BAEDC1C5E884F00F3C00D /* SubmitStudentDetailsResponseObject.m */; };
		186BAEF51C5E884F00F3C00D /* SingleNewsObject.m in Sources */ = {isa = PBXBuildFile; fileRef = 186BAEE61C5E884F00F3C00D /* SingleNewsObject.m */; };
		188666991C61403400492007 /* SplashViewController.m in Sources */ = {isa = PBXBuildFile; fileRef = 188666981C61403400492007 /* SplashViewController.m */; };
		1886669D1C6142AC00492007 /* GetAttendanceRequestObject.m in Sources */ = {isa = PBXBuildFile; fileRef = 1886669C1C6142AC00492007 /* GetAttendanceRequestObject.m */; };
		188666A01C61433400492007 /* GetAttendanceResponseObject.m in Sources */ = {isa = PBXBuildFile; fileRef = 1886669F1C61433400492007 /* GetAttendanceResponseObject.m */; };
		189104721C5A9CA800E8D970 /* AttendanceViewController.m in Sources */ = {isa = PBXBuildFile; fileRef = 189104711C5A9CA800E8D970 /* AttendanceViewController.m */; };
		189104761C5A9F6100E8D970 /* AttendanceHeadeBG.png in Resources */ = {isa = PBXBuildFile; fileRef = 189104751C5A9F6100E8D970 /* AttendanceHeadeBG.png */; };
		189104781C5AA2A200E8D970 /* AttendanceTableBG.png in Resources */ = {isa = PBXBuildFile; fileRef = 189104771C5AA2A200E8D970 /* AttendanceTableBG.png */; };
		1891047A1C5AA3B800E8D970 /* AttendanceTableSeparator.png in Resources */ = {isa = PBXBuildFile; fileRef = 189104791C5AA3B800E8D970 /* AttendanceTableSeparator.png */; };
		1891047D1C5AAAE400E8D970 /* CommentsViewController.m in Sources */ = {isa = PBXBuildFile; fileRef = 1891047C1C5AAAE400E8D970 /* CommentsViewController.m */; };
		189104841C5AAC0F00E8D970 /* CommentsTableViewCell.m in Sources */ = {isa = PBXBuildFile; fileRef = 189104821C5AAC0F00E8D970 /* CommentsTableViewCell.m */; };
		189104851C5AAC0F00E8D970 /* CommentsTableViewCell.xib in Resources */ = {isa = PBXBuildFile; fileRef = 189104831C5AAC0F00E8D970 /* CommentsTableViewCell.xib */; };
		189104881C5AB4FA00E8D970 /* ContactUsViewController.m in Sources */ = {isa = PBXBuildFile; fileRef = 189104871C5AB4FA00E8D970 /* ContactUsViewController.m */; };
		18CF25411C3AF90F00F9F303 /* main.m in Sources */ = {isa = PBXBuildFile; fileRef = 18CF25401C3AF90F00F9F303 /* main.m */; };
		18CF25441C3AF90F00F9F303 /* AppDelegate.m in Sources */ = {isa = PBXBuildFile; fileRef = 18CF25431C3AF90F00F9F303 /* AppDelegate.m */; };
		18CF25471C3AF90F00F9F303 /* ViewController.m in Sources */ = {isa = PBXBuildFile; fileRef = 18CF25461C3AF90F00F9F303 /* ViewController.m */; };
		18CF254A1C3AF90F00F9F303 /* Main.storyboard in Resources */ = {isa = PBXBuildFile; fileRef = 18CF25481C3AF90F00F9F303 /* Main.storyboard */; };
		18CF254C1C3AF90F00F9F303 /* Assets.xcassets in Resources */ = {isa = PBXBuildFile; fileRef = 18CF254B1C3AF90F00F9F303 /* Assets.xcassets */; };
		18CF254F1C3AF90F00F9F303 /* LaunchScreen.storyboard in Resources */ = {isa = PBXBuildFile; fileRef = 18CF254D1C3AF90F00F9F303 /* LaunchScreen.storyboard */; };
		18CF255A1C3AF91000F9F303 /* CoachingClassTests.m in Sources */ = {isa = PBXBuildFile; fileRef = 18CF25591C3AF91000F9F303 /* CoachingClassTests.m */; };
		18CF25651C3AF91000F9F303 /* CoachingClassUITests.m in Sources */ = {isa = PBXBuildFile; fileRef = 18CF25641C3AF91000F9F303 /* CoachingClassUITests.m */; };
		D40D93231C523EDE001C8ECC /* SWRevealViewController.m in Sources */ = {isa = PBXBuildFile; fileRef = D40D93221C523EDE001C8ECC /* SWRevealViewController.m */; };
		D40D93261C524113001C8ECC /* HomeViewController.m in Sources */ = {isa = PBXBuildFile; fileRef = D40D93251C524113001C8ECC /* HomeViewController.m */; };
		D40D93281C5248A5001C8ECC /* Person.png in Resources */ = {isa = PBXBuildFile; fileRef = D40D93271C5248A5001C8ECC /* Person.png */; };
		D40D932B1C5248C0001C8ECC /* SideMenuViewController.m in Sources */ = {isa = PBXBuildFile; fileRef = D40D932A1C5248C0001C8ECC /* SideMenuViewController.m */; };
		D40D93341C52572D001C8ECC /* SubjectListViewController.m in Sources */ = {isa = PBXBuildFile; fileRef = D40D93331C52572D001C8ECC /* SubjectListViewController.m */; };
		D40D93411C52582F001C8ECC /* ScoresListTableViewCell.m in Sources */ = {isa = PBXBuildFile; fileRef = D40D933C1C52582F001C8ECC /* ScoresListTableViewCell.m */; };
		D40D93421C52582F001C8ECC /* ScoresListTableViewCell.xib in Resources */ = {isa = PBXBuildFile; fileRef = D40D933D1C52582F001C8ECC /* ScoresListTableViewCell.xib */; };
		D40D93481C525E39001C8ECC /* SideMenuTableViewCell.m in Sources */ = {isa = PBXBuildFile; fileRef = D40D93461C525E39001C8ECC /* SideMenuTableViewCell.m */; };
		D40D93491C525E39001C8ECC /* SideMenuTableViewCell.xib in Resources */ = {isa = PBXBuildFile; fileRef = D40D93471C525E39001C8ECC /* SideMenuTableViewCell.xib */; };
		D44AD3CD1C65CA79000E33BF /* GetTeacherCommentsRequestObject.m in Sources */ = {isa = PBXBuildFile; fileRef = D44AD3CC1C65CA79000E33BF /* GetTeacherCommentsRequestObject.m */; };
		D44AD3D11C65CAAD000E33BF /* GetTeacherCommentResponseObject.m in Sources */ = {isa = PBXBuildFile; fileRef = D44AD3D01C65CAAD000E33BF /* GetTeacherCommentResponseObject.m */; };
		D44AD3D41C66710F000E33BF /* FreebiesViewController.m in Sources */ = {isa = PBXBuildFile; fileRef = D44AD3D31C66710F000E33BF /* FreebiesViewController.m */; };
		D44AD3D71C667385000E33BF /* GetContactUsResponseObject.m in Sources */ = {isa = PBXBuildFile; fileRef = D44AD3D61C667385000E33BF /* GetContactUsResponseObject.m */; };
		D4D8AED31C50DCD300FF883A /* DataSyncManager.m in Sources */ = {isa = PBXBuildFile; fileRef = D4D8AEC81C50DCD300FF883A /* DataSyncManager.m */; };
		D4D8AED41C50DCD300FF883A /* DBManager.m in Sources */ = {isa = PBXBuildFile; fileRef = D4D8AECA1C50DCD300FF883A /* DBManager.m */; };
		D4D8AED61C50DCD300FF883A /* SharedClass.m in Sources */ = {isa = PBXBuildFile; fileRef = D4D8AECF1C50DCD300FF883A /* SharedClass.m */; };
		D4D8AED71C50DCD300FF883A /* YRCoverFlowLayout.m in Sources */ = {isa = PBXBuildFile; fileRef = D4D8AED21C50DCD300FF883A /* YRCoverFlowLayout.m */; };
		D4D8AF081C50DCEB00FF883A /* AFHTTPRequestOperation.m in Sources */ = {isa = PBXBuildFile; fileRef = D4D8AEDB1C50DCEB00FF883A /* AFHTTPRequestOperation.m */; };
		D4D8AF091C50DCEB00FF883A /* AFHTTPRequestOperationManager.m in Sources */ = {isa = PBXBuildFile; fileRef = D4D8AEDD1C50DCEB00FF883A /* AFHTTPRequestOperationManager.m */; };
		D4D8AF0A1C50DCEB00FF883A /* AFHTTPSessionManager.m in Sources */ = {isa = PBXBuildFile; fileRef = D4D8AEDF1C50DCEB00FF883A /* AFHTTPSessionManager.m */; };
		D4D8AF0B1C50DCEB00FF883A /* AFNetworkReachabilityManager.m in Sources */ = {isa = PBXBuildFile; fileRef = D4D8AEE21C50DCEB00FF883A /* AFNetworkReachabilityManager.m */; };
		D4D8AF0C1C50DCEB00FF883A /* AFSecurityPolicy.m in Sources */ = {isa = PBXBuildFile; fileRef = D4D8AEE41C50DCEB00FF883A /* AFSecurityPolicy.m */; };
		D4D8AF0D1C50DCEB00FF883A /* AFURLConnectionOperation.m in Sources */ = {isa = PBXBuildFile; fileRef = D4D8AEE61C50DCEB00FF883A /* AFURLConnectionOperation.m */; };
		D4D8AF0E1C50DCEB00FF883A /* AFURLRequestSerialization.m in Sources */ = {isa = PBXBuildFile; fileRef = D4D8AEE81C50DCEB00FF883A /* AFURLRequestSerialization.m */; };
		D4D8AF0F1C50DCEB00FF883A /* AFURLResponseSerialization.m in Sources */ = {isa = PBXBuildFile; fileRef = D4D8AEEA1C50DCEB00FF883A /* AFURLResponseSerialization.m */; };
		D4D8AF101C50DCEB00FF883A /* AFURLSessionManager.m in Sources */ = {isa = PBXBuildFile; fileRef = D4D8AEEC1C50DCEB00FF883A /* AFURLSessionManager.m */; };
		D4D8AF111C50DCEB00FF883A /* AFNetworkActivityIndicatorManager.m in Sources */ = {isa = PBXBuildFile; fileRef = D4D8AEEF1C50DCEB00FF883A /* AFNetworkActivityIndicatorManager.m */; };
		D4D8AF121C50DCEB00FF883A /* UIActivityIndicatorView+AFNetworking.m in Sources */ = {isa = PBXBuildFile; fileRef = D4D8AEF11C50DCEB00FF883A /* UIActivityIndicatorView+AFNetworking.m */; };
		D4D8AF131C50DCEB00FF883A /* UIAlertView+AFNetworking.m in Sources */ = {isa = PBXBuildFile; fileRef = D4D8AEF31C50DCEB00FF883A /* UIAlertView+AFNetworking.m */; };
		D4D8AF141C50DCEB00FF883A /* UIButton+AFNetworking.m in Sources */ = {isa = PBXBuildFile; fileRef = D4D8AEF51C50DCEB00FF883A /* UIButton+AFNetworking.m */; };
		D4D8AF151C50DCEB00FF883A /* UIImageView+AFNetworking.m in Sources */ = {isa = PBXBuildFile; fileRef = D4D8AEF71C50DCEB00FF883A /* UIImageView+AFNetworking.m */; };
		D4D8AF161C50DCEB00FF883A /* UIProgressView+AFNetworking.m in Sources */ = {isa = PBXBuildFile; fileRef = D4D8AEFA1C50DCEB00FF883A /* UIProgressView+AFNetworking.m */; };
		D4D8AF171C50DCEB00FF883A /* UIRefreshControl+AFNetworking.m in Sources */ = {isa = PBXBuildFile; fileRef = D4D8AEFC1C50DCEB00FF883A /* UIRefreshControl+AFNetworking.m */; };
		D4D8AF181C50DCEB00FF883A /* UIWebView+AFNetworking.m in Sources */ = {isa = PBXBuildFile; fileRef = D4D8AEFE1C50DCEB00FF883A /* UIWebView+AFNetworking.m */; };
		D4D8AF191C50DCEB00FF883A /* SVIndefiniteAnimatedView.m in Sources */ = {isa = PBXBuildFile; fileRef = D4D8AF011C50DCEB00FF883A /* SVIndefiniteAnimatedView.m */; };
		D4D8AF1A1C50DCEB00FF883A /* SVProgressHUD.bundle in Resources */ = {isa = PBXBuildFile; fileRef = D4D8AF031C50DCEB00FF883A /* SVProgressHUD.bundle */; };
		D4D8AF1B1C50DCEB00FF883A /* SVProgressHUD.m in Sources */ = {isa = PBXBuildFile; fileRef = D4D8AF051C50DCEB00FF883A /* SVProgressHUD.m */; };
		D4D8AF1C1C50DCEB00FF883A /* SVRadialGradientLayer.m in Sources */ = {isa = PBXBuildFile; fileRef = D4D8AF071C50DCEB00FF883A /* SVRadialGradientLayer.m */; };
		D4D8AF2A1C50DF0600FF883A /* FMDatabase.m in Sources */ = {isa = PBXBuildFile; fileRef = D4D8AF201C50DF0600FF883A /* FMDatabase.m */; };
		D4D8AF2B1C50DF0600FF883A /* FMDatabaseAdditions.m in Sources */ = {isa = PBXBuildFile; fileRef = D4D8AF221C50DF0600FF883A /* FMDatabaseAdditions.m */; };
		D4D8AF2C1C50DF0600FF883A /* FMDatabasePool.m in Sources */ = {isa = PBXBuildFile; fileRef = D4D8AF241C50DF0600FF883A /* FMDatabasePool.m */; };
		D4D8AF2D1C50DF0600FF883A /* FMDatabaseQueue.m in Sources */ = {isa = PBXBuildFile; fileRef = D4D8AF261C50DF0600FF883A /* FMDatabaseQueue.m */; };
		D4D8AF2E1C50DF0600FF883A /* FMResultSet.m in Sources */ = {isa = PBXBuildFile; fileRef = D4D8AF291C50DF0600FF883A /* FMResultSet.m */; };
		D4D8AF301C50DF8A00FF883A /* libsqlite3.tbd in Frameworks */ = {isa = PBXBuildFile; fileRef = D4D8AF2F1C50DF8A00FF883A /* libsqlite3.tbd */; };
		D4D8AF6F1C50E77500FF883A /* AllTestTab.png in Resources */ = {isa = PBXBuildFile; fileRef = D4D8AF351C50E77500FF883A /* AllTestTab.png */; };
		D4D8AF721C50E77500FF883A /* attendance.png in Resources */ = {isa = PBXBuildFile; fileRef = D4D8AF381C50E77500FF883A /* attendance.png */; };
		D4D8AF751C50E77500FF883A /* attendance_tab.png in Resources */ = {isa = PBXBuildFile; fileRef = D4D8AF3B1C50E77500FF883A /* attendance_tab.png */; };
		D4D8AF781C50E77500FF883A /* calendar_signup.png in Resources */ = {isa = PBXBuildFile; fileRef = D4D8AF3E1C50E77500FF883A /* calendar_signup.png */; };
		D4D8AF7B1C50E77500FF883A /* Class Logo.png in Resources */ = {isa = PBXBuildFile; fileRef = D4D8AF411C50E77500FF883A /* Class Logo.png */; };
		D4D8AF7E1C50E77500FF883A /* class_icon_inner.png in Resources */ = {isa = PBXBuildFile; fileRef = D4D8AF441C50E77500FF883A /* class_icon_inner.png */; };
		D4D8AF811C50E77500FF883A /* comments.png in Resources */ = {isa = PBXBuildFile; fileRef = D4D8AF471C50E77500FF883A /* comments.png */; };
		D4D8AF841C50E77500FF883A /* comments_tab.png in Resources */ = {isa = PBXBuildFile; fileRef = D4D8AF4A1C50E77500FF883A /* comments_tab.png */; };
		D4D8AF871C50E77500FF883A /* contact.png in Resources */ = {isa = PBXBuildFile; fileRef = D4D8AF4D1C50E77500FF883A /* contact.png */; };
		D4D8AF8A1C50E77500FF883A /* contact_tab.png in Resources */ = {isa = PBXBuildFile; fileRef = D4D8AF501C50E77500FF883A /* contact_tab.png */; };
		D4D8AF8D1C50E77500FF883A /* freebies.png in Resources */ = {isa = PBXBuildFile; fileRef = D4D8AF531C50E77500FF883A /* freebies.png */; };
		D4D8AF901C50E77500FF883A /* freebies_tab.png in Resources */ = {isa = PBXBuildFile; fileRef = D4D8AF561C50E77500FF883A /* freebies_tab.png */; };
		D4D8AF931C50E77500FF883A /* Menu.png in Resources */ = {isa = PBXBuildFile; fileRef = D4D8AF591C50E77500FF883A /* Menu.png */; };
		D4D8AF961C50E77500FF883A /* performance.png in Resources */ = {isa = PBXBuildFile; fileRef = D4D8AF5C1C50E77500FF883A /* performance.png */; };
		D4D8AF991C50E77500FF883A /* performance_tab.png in Resources */ = {isa = PBXBuildFile; fileRef = D4D8AF5F1C50E77500FF883A /* performance_tab.png */; };
		D4D8AF9C1C50E77500FF883A /* Splash.png in Resources */ = {isa = PBXBuildFile; fileRef = D4D8AF621C50E77500FF883A /* Splash.png */; };
		D4D8AF9F1C50E77500FF883A /* SubjectWiseTab.png in Resources */ = {isa = PBXBuildFile; fileRef = D4D8AF651C50E77500FF883A /* SubjectWiseTab.png */; };
		D4D8AFA21C50E77500FF883A /* submit_btn.png in Resources */ = {isa = PBXBuildFile; fileRef = D4D8AF681C50E77500FF883A /* submit_btn.png */; };
		D4D8AFA51C50E77500FF883A /* TestWiseTab.png in Resources */ = {isa = PBXBuildFile; fileRef = D4D8AF6B1C50E77500FF883A /* TestWiseTab.png */; };
/* End PBXBuildFile section */

/* Begin PBXContainerItemProxy section */
		186BAE8B1C5CA11400F3C00D /* PBXContainerItemProxy */ = {
			isa = PBXContainerItemProxy;
			containerPortal = 186BAE851C5CA11400F3C00D /* Charts.xcodeproj */;
			proxyType = 2;
			remoteGlobalIDString = 5BA8EC401A9D14DC00CE82E1;
			remoteInfo = "Charts-iOS";
		};
		186BAE8F1C5CA11400F3C00D /* PBXContainerItemProxy */ = {
			isa = PBXContainerItemProxy;
			containerPortal = 186BAE851C5CA11400F3C00D /* Charts.xcodeproj */;
			proxyType = 2;
			remoteGlobalIDString = 06AEE7A21BDC3F8B009875AE;
			remoteInfo = ChartsTests;
		};
		186BAEC41C5CB69D00F3C00D /* PBXContainerItemProxy */ = {
			isa = PBXContainerItemProxy;
			containerPortal = 186BAE851C5CA11400F3C00D /* Charts.xcodeproj */;
			proxyType = 1;
			remoteGlobalIDString = 5BA8EC3F1A9D14DC00CE82E1;
			remoteInfo = "Charts-iOS";
		};
		186BAEC91C5CB6BA00F3C00D /* PBXContainerItemProxy */ = {
			isa = PBXContainerItemProxy;
			containerPortal = 186BAE851C5CA11400F3C00D /* Charts.xcodeproj */;
			proxyType = 1;
			remoteGlobalIDString = 5BA8EC3F1A9D14DC00CE82E1;
			remoteInfo = "Charts-iOS";
		};
		18CF25561C3AF91000F9F303 /* PBXContainerItemProxy */ = {
			isa = PBXContainerItemProxy;
			containerPortal = 18CF25341C3AF90F00F9F303 /* Project object */;
			proxyType = 1;
			remoteGlobalIDString = 18CF253B1C3AF90F00F9F303;
			remoteInfo = CoachingClass;
		};
		18CF25611C3AF91000F9F303 /* PBXContainerItemProxy */ = {
			isa = PBXContainerItemProxy;
			containerPortal = 18CF25341C3AF90F00F9F303 /* Project object */;
			proxyType = 1;
			remoteGlobalIDString = 18CF253B1C3AF90F00F9F303;
			remoteInfo = CoachingClass;
		};
/* End PBXContainerItemProxy section */

/* Begin PBXCopyFilesBuildPhase section */
		186BAECB1C5CB6BB00F3C00D /* Embed Frameworks */ = {
			isa = PBXCopyFilesBuildPhase;
			buildActionMask = 8;
			dstPath = "";
			dstSubfolderSpec = 10;
			files = (
				186BAEC81C5CB6BA00F3C00D /* Charts.framework in Embed Frameworks */,
			);
			name = "Embed Frameworks";
			runOnlyForDeploymentPostprocessing = 1;
		};
/* End PBXCopyFilesBuildPhase section */

/* Begin PBXFileReference section */
		186BAE811C5C9C6C00F3C00D /* SubjectGraphViewController.h */ = {isa = PBXFileReference; fileEncoding = 4; lastKnownFileType = sourcecode.c.h; path = SubjectGraphViewController.h; sourceTree = "<group>"; };
		186BAE821C5C9C6C00F3C00D /* SubjectGraphViewController.m */ = {isa = PBXFileReference; fileEncoding = 4; lastKnownFileType = sourcecode.c.objc; path = SubjectGraphViewController.m; sourceTree = "<group>"; };
		186BAE851C5CA11400F3C00D /* Charts.xcodeproj */ = {isa = PBXFileReference; lastKnownFileType = "wrapper.pb-project"; name = Charts.xcodeproj; path = Charts/Charts.xcodeproj; sourceTree = "<group>"; };
		186BAE921C5CA55B00F3C00D /* CoachingClass-Bridging-Header.h */ = {isa = PBXFileReference; lastKnownFileType = sourcecode.c.h; path = "CoachingClass-Bridging-Header.h"; sourceTree = SOURCE_ROOT; };
		186BAEB41C5CB04D00F3C00D /* GraphBaseViewController.h */ = {isa = PBXFileReference; fileEncoding = 4; lastKnownFileType = sourcecode.c.h; path = GraphBaseViewController.h; sourceTree = "<group>"; };
		186BAEB51C5CB04D00F3C00D /* GraphBaseViewController.m */ = {isa = PBXFileReference; fileEncoding = 4; lastKnownFileType = sourcecode.c.objc; path = GraphBaseViewController.m; sourceTree = "<group>"; };
		186BAEB81C5CB3CE00F3C00D /* BalloonMarker.swift */ = {isa = PBXFileReference; fileEncoding = 4; lastKnownFileType = sourcecode.swift; path = BalloonMarker.swift; sourceTree = "<group>"; };
		186BAEB91C5CB3CE00F3C00D /* MyCustomXValueFormatter.h */ = {isa = PBXFileReference; fileEncoding = 4; lastKnownFileType = sourcecode.c.h; path = MyCustomXValueFormatter.h; sourceTree = "<group>"; };
		186BAEBA1C5CB3CE00F3C00D /* MyCustomXValueFormatter.m */ = {isa = PBXFileReference; fileEncoding = 4; lastKnownFileType = sourcecode.c.objc; path = MyCustomXValueFormatter.m; sourceTree = "<group>"; };
		186BAECE1C5CBC9500F3C00D /* GraphBG.png */ = {isa = PBXFileReference; lastKnownFileType = image.png; path = GraphBG.png; sourceTree = "<group>"; };
		186BAED11C5E884F00F3C00D /* SumbitStudentDetailsRequestObject.h */ = {isa = PBXFileReference; fileEncoding = 4; lastKnownFileType = sourcecode.c.h; path = SumbitStudentDetailsRequestObject.h; sourceTree = "<group>"; };
		186BAED21C5E884F00F3C00D /* SumbitStudentDetailsRequestObject.m */ = {isa = PBXFileReference; fileEncoding = 4; lastKnownFileType = sourcecode.c.objc; path = SumbitStudentDetailsRequestObject.m; sourceTree = "<group>"; };
		186BAEDB1C5E884F00F3C00D /* SubmitStudentDetailsResponseObject.h */ = {isa = PBXFileReference; fileEncoding = 4; lastKnownFileType = sourcecode.c.h; path = SubmitStudentDetailsResponseObject.h; sourceTree = "<group>"; };
		186BAEDC1C5E884F00F3C00D /* SubmitStudentDetailsResponseObject.m */ = {isa = PBXFileReference; fileEncoding = 4; lastKnownFileType = sourcecode.c.objc; path = SubmitStudentDetailsResponseObject.m; sourceTree = "<group>"; };
		186BAEE51C5E884F00F3C00D /* SingleNewsObject.h */ = {isa = PBXFileReference; fileEncoding = 4; lastKnownFileType = sourcecode.c.h; path = SingleNewsObject.h; sourceTree = "<group>"; };
		186BAEE61C5E884F00F3C00D /* SingleNewsObject.m */ = {isa = PBXFileReference; fileEncoding = 4; lastKnownFileType = sourcecode.c.objc; path = SingleNewsObject.m; sourceTree = "<group>"; };
		188666971C61403400492007 /* SplashViewController.h */ = {isa = PBXFileReference; fileEncoding = 4; lastKnownFileType = sourcecode.c.h; path = SplashViewController.h; sourceTree = "<group>"; };
		188666981C61403400492007 /* SplashViewController.m */ = {isa = PBXFileReference; fileEncoding = 4; lastKnownFileType = sourcecode.c.objc; path = SplashViewController.m; sourceTree = "<group>"; };
		1886669B1C6142AC00492007 /* GetAttendanceRequestObject.h */ = {isa = PBXFileReference; fileEncoding = 4; lastKnownFileType = sourcecode.c.h; path = GetAttendanceRequestObject.h; sourceTree = "<group>"; };
		1886669C1C6142AC00492007 /* GetAttendanceRequestObject.m */ = {isa = PBXFileReference; fileEncoding = 4; lastKnownFileType = sourcecode.c.objc; path = GetAttendanceRequestObject.m; sourceTree = "<group>"; };
		1886669E1C61433400492007 /* GetAttendanceResponseObject.h */ = {isa = PBXFileReference; fileEncoding = 4; lastKnownFileType = sourcecode.c.h; path = GetAttendanceResponseObject.h; sourceTree = "<group>"; };
		1886669F1C61433400492007 /* GetAttendanceResponseObject.m */ = {isa = PBXFileReference; fileEncoding = 4; lastKnownFileType = sourcecode.c.objc; path = GetAttendanceResponseObject.m; sourceTree = "<group>"; };
		189104701C5A9CA800E8D970 /* AttendanceViewController.h */ = {isa = PBXFileReference; fileEncoding = 4; lastKnownFileType = sourcecode.c.h; path = AttendanceViewController.h; sourceTree = "<group>"; };
		189104711C5A9CA800E8D970 /* AttendanceViewController.m */ = {isa = PBXFileReference; fileEncoding = 4; lastKnownFileType = sourcecode.c.objc; path = AttendanceViewController.m; sourceTree = "<group>"; };
		189104751C5A9F6100E8D970 /* AttendanceHeadeBG.png */ = {isa = PBXFileReference; lastKnownFileType = image.png; path = AttendanceHeadeBG.png; sourceTree = "<group>"; };
		189104771C5AA2A200E8D970 /* AttendanceTableBG.png */ = {isa = PBXFileReference; lastKnownFileType = image.png; path = AttendanceTableBG.png; sourceTree = "<group>"; };
		189104791C5AA3B800E8D970 /* AttendanceTableSeparator.png */ = {isa = PBXFileReference; lastKnownFileType = image.png; path = AttendanceTableSeparator.png; sourceTree = "<group>"; };
		1891047B1C5AAAE400E8D970 /* CommentsViewController.h */ = {isa = PBXFileReference; fileEncoding = 4; lastKnownFileType = sourcecode.c.h; path = CommentsViewController.h; sourceTree = "<group>"; };
		1891047C1C5AAAE400E8D970 /* CommentsViewController.m */ = {isa = PBXFileReference; fileEncoding = 4; lastKnownFileType = sourcecode.c.objc; path = CommentsViewController.m; sourceTree = "<group>"; };
		189104811C5AAC0F00E8D970 /* CommentsTableViewCell.h */ = {isa = PBXFileReference; fileEncoding = 4; lastKnownFileType = sourcecode.c.h; path = CommentsTableViewCell.h; sourceTree = "<group>"; };
		189104821C5AAC0F00E8D970 /* CommentsTableViewCell.m */ = {isa = PBXFileReference; fileEncoding = 4; lastKnownFileType = sourcecode.c.objc; path = CommentsTableViewCell.m; sourceTree = "<group>"; };
		189104831C5AAC0F00E8D970 /* CommentsTableViewCell.xib */ = {isa = PBXFileReference; fileEncoding = 4; lastKnownFileType = file.xib; path = CommentsTableViewCell.xib; sourceTree = "<group>"; };
		189104861C5AB4FA00E8D970 /* ContactUsViewController.h */ = {isa = PBXFileReference; fileEncoding = 4; lastKnownFileType = sourcecode.c.h; path = ContactUsViewController.h; sourceTree = "<group>"; };
		189104871C5AB4FA00E8D970 /* ContactUsViewController.m */ = {isa = PBXFileReference; fileEncoding = 4; lastKnownFileType = sourcecode.c.objc; path = ContactUsViewController.m; sourceTree = "<group>"; };
		18CF253C1C3AF90F00F9F303 /* CoachingClass.app */ = {isa = PBXFileReference; explicitFileType = wrapper.application; includeInIndex = 0; path = CoachingClass.app; sourceTree = BUILT_PRODUCTS_DIR; };
		18CF25401C3AF90F00F9F303 /* main.m */ = {isa = PBXFileReference; lastKnownFileType = sourcecode.c.objc; path = main.m; sourceTree = "<group>"; };
		18CF25421C3AF90F00F9F303 /* AppDelegate.h */ = {isa = PBXFileReference; lastKnownFileType = sourcecode.c.h; path = AppDelegate.h; sourceTree = "<group>"; };
		18CF25431C3AF90F00F9F303 /* AppDelegate.m */ = {isa = PBXFileReference; lastKnownFileType = sourcecode.c.objc; path = AppDelegate.m; sourceTree = "<group>"; };
		18CF25451C3AF90F00F9F303 /* ViewController.h */ = {isa = PBXFileReference; lastKnownFileType = sourcecode.c.h; path = ViewController.h; sourceTree = "<group>"; };
		18CF25461C3AF90F00F9F303 /* ViewController.m */ = {isa = PBXFileReference; lastKnownFileType = sourcecode.c.objc; path = ViewController.m; sourceTree = "<group>"; };
		18CF25491C3AF90F00F9F303 /* Base */ = {isa = PBXFileReference; lastKnownFileType = file.storyboard; name = Base; path = Base.lproj/Main.storyboard; sourceTree = "<group>"; };
		18CF254B1C3AF90F00F9F303 /* Assets.xcassets */ = {isa = PBXFileReference; lastKnownFileType = folder.assetcatalog; path = Assets.xcassets; sourceTree = "<group>"; };
		18CF254E1C3AF90F00F9F303 /* Base */ = {isa = PBXFileReference; lastKnownFileType = file.storyboard; name = Base; path = Base.lproj/LaunchScreen.storyboard; sourceTree = "<group>"; };
		18CF25501C3AF90F00F9F303 /* Info.plist */ = {isa = PBXFileReference; lastKnownFileType = text.plist.xml; path = Info.plist; sourceTree = "<group>"; };
		18CF25551C3AF91000F9F303 /* CoachingClassTests.xctest */ = {isa = PBXFileReference; explicitFileType = wrapper.cfbundle; includeInIndex = 0; path = CoachingClassTests.xctest; sourceTree = BUILT_PRODUCTS_DIR; };
		18CF25591C3AF91000F9F303 /* CoachingClassTests.m */ = {isa = PBXFileReference; lastKnownFileType = sourcecode.c.objc; path = CoachingClassTests.m; sourceTree = "<group>"; };
		18CF255B1C3AF91000F9F303 /* Info.plist */ = {isa = PBXFileReference; lastKnownFileType = text.plist.xml; path = Info.plist; sourceTree = "<group>"; };
		18CF25601C3AF91000F9F303 /* CoachingClassUITests.xctest */ = {isa = PBXFileReference; explicitFileType = wrapper.cfbundle; includeInIndex = 0; path = CoachingClassUITests.xctest; sourceTree = BUILT_PRODUCTS_DIR; };
		18CF25641C3AF91000F9F303 /* CoachingClassUITests.m */ = {isa = PBXFileReference; lastKnownFileType = sourcecode.c.objc; path = CoachingClassUITests.m; sourceTree = "<group>"; };
		18CF25661C3AF91000F9F303 /* Info.plist */ = {isa = PBXFileReference; lastKnownFileType = text.plist.xml; path = Info.plist; sourceTree = "<group>"; };
		D40D93211C523EDE001C8ECC /* SWRevealViewController.h */ = {isa = PBXFileReference; fileEncoding = 4; lastKnownFileType = sourcecode.c.h; path = SWRevealViewController.h; sourceTree = "<group>"; };
		D40D93221C523EDE001C8ECC /* SWRevealViewController.m */ = {isa = PBXFileReference; fileEncoding = 4; lastKnownFileType = sourcecode.c.objc; path = SWRevealViewController.m; sourceTree = "<group>"; };
		D40D93241C524113001C8ECC /* HomeViewController.h */ = {isa = PBXFileReference; fileEncoding = 4; lastKnownFileType = sourcecode.c.h; path = HomeViewController.h; sourceTree = "<group>"; };
		D40D93251C524113001C8ECC /* HomeViewController.m */ = {isa = PBXFileReference; fileEncoding = 4; lastKnownFileType = sourcecode.c.objc; path = HomeViewController.m; sourceTree = "<group>"; };
		D40D93271C5248A5001C8ECC /* Person.png */ = {isa = PBXFileReference; lastKnownFileType = image.png; path = Person.png; sourceTree = "<group>"; };
		D40D93291C5248C0001C8ECC /* SideMenuViewController.h */ = {isa = PBXFileReference; fileEncoding = 4; lastKnownFileType = sourcecode.c.h; path = SideMenuViewController.h; sourceTree = "<group>"; };
		D40D932A1C5248C0001C8ECC /* SideMenuViewController.m */ = {isa = PBXFileReference; fileEncoding = 4; lastKnownFileType = sourcecode.c.objc; path = SideMenuViewController.m; sourceTree = "<group>"; };
		D40D93321C52572D001C8ECC /* SubjectListViewController.h */ = {isa = PBXFileReference; fileEncoding = 4; lastKnownFileType = sourcecode.c.h; path = SubjectListViewController.h; sourceTree = "<group>"; };
		D40D93331C52572D001C8ECC /* SubjectListViewController.m */ = {isa = PBXFileReference; fileEncoding = 4; lastKnownFileType = sourcecode.c.objc; path = SubjectListViewController.m; sourceTree = "<group>"; };
		D40D933B1C52582F001C8ECC /* ScoresListTableViewCell.h */ = {isa = PBXFileReference; fileEncoding = 4; lastKnownFileType = sourcecode.c.h; path = ScoresListTableViewCell.h; sourceTree = "<group>"; };
		D40D933C1C52582F001C8ECC /* ScoresListTableViewCell.m */ = {isa = PBXFileReference; fileEncoding = 4; lastKnownFileType = sourcecode.c.objc; path = ScoresListTableViewCell.m; sourceTree = "<group>"; };
		D40D933D1C52582F001C8ECC /* ScoresListTableViewCell.xib */ = {isa = PBXFileReference; fileEncoding = 4; lastKnownFileType = file.xib; path = ScoresListTableViewCell.xib; sourceTree = "<group>"; };
		D40D93451C525E39001C8ECC /* SideMenuTableViewCell.h */ = {isa = PBXFileReference; fileEncoding = 4; lastKnownFileType = sourcecode.c.h; path = SideMenuTableViewCell.h; sourceTree = "<group>"; };
		D40D93461C525E39001C8ECC /* SideMenuTableViewCell.m */ = {isa = PBXFileReference; fileEncoding = 4; lastKnownFileType = sourcecode.c.objc; path = SideMenuTableViewCell.m; sourceTree = "<group>"; };
		D40D93471C525E39001C8ECC /* SideMenuTableViewCell.xib */ = {isa = PBXFileReference; fileEncoding = 4; lastKnownFileType = file.xib; path = SideMenuTableViewCell.xib; sourceTree = "<group>"; };
		D44AD3CB1C65CA79000E33BF /* GetTeacherCommentsRequestObject.h */ = {isa = PBXFileReference; fileEncoding = 4; lastKnownFileType = sourcecode.c.h; path = GetTeacherCommentsRequestObject.h; sourceTree = "<group>"; };
		D44AD3CC1C65CA79000E33BF /* GetTeacherCommentsRequestObject.m */ = {isa = PBXFileReference; fileEncoding = 4; lastKnownFileType = sourcecode.c.objc; path = GetTeacherCommentsRequestObject.m; sourceTree = "<group>"; };
		D44AD3CF1C65CAAD000E33BF /* GetTeacherCommentResponseObject.h */ = {isa = PBXFileReference; fileEncoding = 4; lastKnownFileType = sourcecode.c.h; path = GetTeacherCommentResponseObject.h; sourceTree = "<group>"; };
		D44AD3D01C65CAAD000E33BF /* GetTeacherCommentResponseObject.m */ = {isa = PBXFileReference; fileEncoding = 4; lastKnownFileType = sourcecode.c.objc; path = GetTeacherCommentResponseObject.m; sourceTree = "<group>"; };
		D44AD3D21C66710F000E33BF /* FreebiesViewController.h */ = {isa = PBXFileReference; fileEncoding = 4; lastKnownFileType = sourcecode.c.h; path = FreebiesViewController.h; sourceTree = "<group>"; };
		D44AD3D31C66710F000E33BF /* FreebiesViewController.m */ = {isa = PBXFileReference; fileEncoding = 4; lastKnownFileType = sourcecode.c.objc; path = FreebiesViewController.m; sourceTree = "<group>"; };
		D44AD3D51C667385000E33BF /* GetContactUsResponseObject.h */ = {isa = PBXFileReference; fileEncoding = 4; lastKnownFileType = sourcecode.c.h; path = GetContactUsResponseObject.h; sourceTree = "<group>"; };
		D44AD3D61C667385000E33BF /* GetContactUsResponseObject.m */ = {isa = PBXFileReference; fileEncoding = 4; lastKnownFileType = sourcecode.c.objc; path = GetContactUsResponseObject.m; sourceTree = "<group>"; };
		D4D8AEC61C50DCD300FF883A /* Constants.h */ = {isa = PBXFileReference; fileEncoding = 4; lastKnownFileType = sourcecode.c.h; path = Constants.h; sourceTree = "<group>"; };
		D4D8AEC71C50DCD300FF883A /* DataSyncManager.h */ = {isa = PBXFileReference; fileEncoding = 4; lastKnownFileType = sourcecode.c.h; path = DataSyncManager.h; sourceTree = "<group>"; };
		D4D8AEC81C50DCD300FF883A /* DataSyncManager.m */ = {isa = PBXFileReference; fileEncoding = 4; lastKnownFileType = sourcecode.c.objc; path = DataSyncManager.m; sourceTree = "<group>"; };
		D4D8AEC91C50DCD300FF883A /* DBManager.h */ = {isa = PBXFileReference; fileEncoding = 4; lastKnownFileType = sourcecode.c.h; path = DBManager.h; sourceTree = "<group>"; };
		D4D8AECA1C50DCD300FF883A /* DBManager.m */ = {isa = PBXFileReference; fileEncoding = 4; lastKnownFileType = sourcecode.c.objc; path = DBManager.m; sourceTree = "<group>"; };
		D4D8AECD1C50DCD300FF883A /* Settings.h */ = {isa = PBXFileReference; fileEncoding = 4; lastKnownFileType = sourcecode.c.h; path = Settings.h; sourceTree = "<group>"; };
		D4D8AECE1C50DCD300FF883A /* SharedClass.h */ = {isa = PBXFileReference; fileEncoding = 4; lastKnownFileType = sourcecode.c.h; path = SharedClass.h; sourceTree = "<group>"; };
		D4D8AECF1C50DCD300FF883A /* SharedClass.m */ = {isa = PBXFileReference; fileEncoding = 4; lastKnownFileType = sourcecode.c.objc; path = SharedClass.m; sourceTree = "<group>"; };
		D4D8AED11C50DCD300FF883A /* YRCoverFlowLayout.h */ = {isa = PBXFileReference; fileEncoding = 4; lastKnownFileType = sourcecode.c.h; path = YRCoverFlowLayout.h; sourceTree = "<group>"; };
		D4D8AED21C50DCD300FF883A /* YRCoverFlowLayout.m */ = {isa = PBXFileReference; fileEncoding = 4; lastKnownFileType = sourcecode.c.objc; path = YRCoverFlowLayout.m; sourceTree = "<group>"; };
		D4D8AEDA1C50DCEB00FF883A /* AFHTTPRequestOperation.h */ = {isa = PBXFileReference; fileEncoding = 4; lastKnownFileType = sourcecode.c.h; path = AFHTTPRequestOperation.h; sourceTree = "<group>"; };
		D4D8AEDB1C50DCEB00FF883A /* AFHTTPRequestOperation.m */ = {isa = PBXFileReference; fileEncoding = 4; lastKnownFileType = sourcecode.c.objc; path = AFHTTPRequestOperation.m; sourceTree = "<group>"; };
		D4D8AEDC1C50DCEB00FF883A /* AFHTTPRequestOperationManager.h */ = {isa = PBXFileReference; fileEncoding = 4; lastKnownFileType = sourcecode.c.h; path = AFHTTPRequestOperationManager.h; sourceTree = "<group>"; };
		D4D8AEDD1C50DCEB00FF883A /* AFHTTPRequestOperationManager.m */ = {isa = PBXFileReference; fileEncoding = 4; lastKnownFileType = sourcecode.c.objc; path = AFHTTPRequestOperationManager.m; sourceTree = "<group>"; };
		D4D8AEDE1C50DCEB00FF883A /* AFHTTPSessionManager.h */ = {isa = PBXFileReference; fileEncoding = 4; lastKnownFileType = sourcecode.c.h; path = AFHTTPSessionManager.h; sourceTree = "<group>"; };
		D4D8AEDF1C50DCEB00FF883A /* AFHTTPSessionManager.m */ = {isa = PBXFileReference; fileEncoding = 4; lastKnownFileType = sourcecode.c.objc; path = AFHTTPSessionManager.m; sourceTree = "<group>"; };
		D4D8AEE01C50DCEB00FF883A /* AFNetworking.h */ = {isa = PBXFileReference; fileEncoding = 4; lastKnownFileType = sourcecode.c.h; path = AFNetworking.h; sourceTree = "<group>"; };
		D4D8AEE11C50DCEB00FF883A /* AFNetworkReachabilityManager.h */ = {isa = PBXFileReference; fileEncoding = 4; lastKnownFileType = sourcecode.c.h; path = AFNetworkReachabilityManager.h; sourceTree = "<group>"; };
		D4D8AEE21C50DCEB00FF883A /* AFNetworkReachabilityManager.m */ = {isa = PBXFileReference; fileEncoding = 4; lastKnownFileType = sourcecode.c.objc; path = AFNetworkReachabilityManager.m; sourceTree = "<group>"; };
		D4D8AEE31C50DCEB00FF883A /* AFSecurityPolicy.h */ = {isa = PBXFileReference; fileEncoding = 4; lastKnownFileType = sourcecode.c.h; path = AFSecurityPolicy.h; sourceTree = "<group>"; };
		D4D8AEE41C50DCEB00FF883A /* AFSecurityPolicy.m */ = {isa = PBXFileReference; fileEncoding = 4; lastKnownFileType = sourcecode.c.objc; path = AFSecurityPolicy.m; sourceTree = "<group>"; };
		D4D8AEE51C50DCEB00FF883A /* AFURLConnectionOperation.h */ = {isa = PBXFileReference; fileEncoding = 4; lastKnownFileType = sourcecode.c.h; path = AFURLConnectionOperation.h; sourceTree = "<group>"; };
		D4D8AEE61C50DCEB00FF883A /* AFURLConnectionOperation.m */ = {isa = PBXFileReference; fileEncoding = 4; lastKnownFileType = sourcecode.c.objc; path = AFURLConnectionOperation.m; sourceTree = "<group>"; };
		D4D8AEE71C50DCEB00FF883A /* AFURLRequestSerialization.h */ = {isa = PBXFileReference; fileEncoding = 4; lastKnownFileType = sourcecode.c.h; path = AFURLRequestSerialization.h; sourceTree = "<group>"; };
		D4D8AEE81C50DCEB00FF883A /* AFURLRequestSerialization.m */ = {isa = PBXFileReference; fileEncoding = 4; lastKnownFileType = sourcecode.c.objc; path = AFURLRequestSerialization.m; sourceTree = "<group>"; };
		D4D8AEE91C50DCEB00FF883A /* AFURLResponseSerialization.h */ = {isa = PBXFileReference; fileEncoding = 4; lastKnownFileType = sourcecode.c.h; path = AFURLResponseSerialization.h; sourceTree = "<group>"; };
		D4D8AEEA1C50DCEB00FF883A /* AFURLResponseSerialization.m */ = {isa = PBXFileReference; fileEncoding = 4; lastKnownFileType = sourcecode.c.objc; path = AFURLResponseSerialization.m; sourceTree = "<group>"; };
		D4D8AEEB1C50DCEB00FF883A /* AFURLSessionManager.h */ = {isa = PBXFileReference; fileEncoding = 4; lastKnownFileType = sourcecode.c.h; path = AFURLSessionManager.h; sourceTree = "<group>"; };
		D4D8AEEC1C50DCEB00FF883A /* AFURLSessionManager.m */ = {isa = PBXFileReference; fileEncoding = 4; lastKnownFileType = sourcecode.c.objc; path = AFURLSessionManager.m; sourceTree = "<group>"; };
		D4D8AEEE1C50DCEB00FF883A /* AFNetworkActivityIndicatorManager.h */ = {isa = PBXFileReference; fileEncoding = 4; lastKnownFileType = sourcecode.c.h; path = AFNetworkActivityIndicatorManager.h; sourceTree = "<group>"; };
		D4D8AEEF1C50DCEB00FF883A /* AFNetworkActivityIndicatorManager.m */ = {isa = PBXFileReference; fileEncoding = 4; lastKnownFileType = sourcecode.c.objc; path = AFNetworkActivityIndicatorManager.m; sourceTree = "<group>"; };
		D4D8AEF01C50DCEB00FF883A /* UIActivityIndicatorView+AFNetworking.h */ = {isa = PBXFileReference; fileEncoding = 4; lastKnownFileType = sourcecode.c.h; path = "UIActivityIndicatorView+AFNetworking.h"; sourceTree = "<group>"; };
		D4D8AEF11C50DCEB00FF883A /* UIActivityIndicatorView+AFNetworking.m */ = {isa = PBXFileReference; fileEncoding = 4; lastKnownFileType = sourcecode.c.objc; path = "UIActivityIndicatorView+AFNetworking.m"; sourceTree = "<group>"; };
		D4D8AEF21C50DCEB00FF883A /* UIAlertView+AFNetworking.h */ = {isa = PBXFileReference; fileEncoding = 4; lastKnownFileType = sourcecode.c.h; path = "UIAlertView+AFNetworking.h"; sourceTree = "<group>"; };
		D4D8AEF31C50DCEB00FF883A /* UIAlertView+AFNetworking.m */ = {isa = PBXFileReference; fileEncoding = 4; lastKnownFileType = sourcecode.c.objc; path = "UIAlertView+AFNetworking.m"; sourceTree = "<group>"; };
		D4D8AEF41C50DCEB00FF883A /* UIButton+AFNetworking.h */ = {isa = PBXFileReference; fileEncoding = 4; lastKnownFileType = sourcecode.c.h; path = "UIButton+AFNetworking.h"; sourceTree = "<group>"; };
		D4D8AEF51C50DCEB00FF883A /* UIButton+AFNetworking.m */ = {isa = PBXFileReference; fileEncoding = 4; lastKnownFileType = sourcecode.c.objc; path = "UIButton+AFNetworking.m"; sourceTree = "<group>"; };
		D4D8AEF61C50DCEB00FF883A /* UIImageView+AFNetworking.h */ = {isa = PBXFileReference; fileEncoding = 4; lastKnownFileType = sourcecode.c.h; path = "UIImageView+AFNetworking.h"; sourceTree = "<group>"; };
		D4D8AEF71C50DCEB00FF883A /* UIImageView+AFNetworking.m */ = {isa = PBXFileReference; fileEncoding = 4; lastKnownFileType = sourcecode.c.objc; path = "UIImageView+AFNetworking.m"; sourceTree = "<group>"; };
		D4D8AEF81C50DCEB00FF883A /* UIKit+AFNetworking.h */ = {isa = PBXFileReference; fileEncoding = 4; lastKnownFileType = sourcecode.c.h; path = "UIKit+AFNetworking.h"; sourceTree = "<group>"; };
		D4D8AEF91C50DCEB00FF883A /* UIProgressView+AFNetworking.h */ = {isa = PBXFileReference; fileEncoding = 4; lastKnownFileType = sourcecode.c.h; path = "UIProgressView+AFNetworking.h"; sourceTree = "<group>"; };
		D4D8AEFA1C50DCEB00FF883A /* UIProgressView+AFNetworking.m */ = {isa = PBXFileReference; fileEncoding = 4; lastKnownFileType = sourcecode.c.objc; path = "UIProgressView+AFNetworking.m"; sourceTree = "<group>"; };
		D4D8AEFB1C50DCEB00FF883A /* UIRefreshControl+AFNetworking.h */ = {isa = PBXFileReference; fileEncoding = 4; lastKnownFileType = sourcecode.c.h; path = "UIRefreshControl+AFNetworking.h"; sourceTree = "<group>"; };
		D4D8AEFC1C50DCEB00FF883A /* UIRefreshControl+AFNetworking.m */ = {isa = PBXFileReference; fileEncoding = 4; lastKnownFileType = sourcecode.c.objc; path = "UIRefreshControl+AFNetworking.m"; sourceTree = "<group>"; };
		D4D8AEFD1C50DCEB00FF883A /* UIWebView+AFNetworking.h */ = {isa = PBXFileReference; fileEncoding = 4; lastKnownFileType = sourcecode.c.h; path = "UIWebView+AFNetworking.h"; sourceTree = "<group>"; };
		D4D8AEFE1C50DCEB00FF883A /* UIWebView+AFNetworking.m */ = {isa = PBXFileReference; fileEncoding = 4; lastKnownFileType = sourcecode.c.objc; path = "UIWebView+AFNetworking.m"; sourceTree = "<group>"; };
		D4D8AF001C50DCEB00FF883A /* SVIndefiniteAnimatedView.h */ = {isa = PBXFileReference; fileEncoding = 4; lastKnownFileType = sourcecode.c.h; path = SVIndefiniteAnimatedView.h; sourceTree = "<group>"; };
		D4D8AF011C50DCEB00FF883A /* SVIndefiniteAnimatedView.m */ = {isa = PBXFileReference; fileEncoding = 4; lastKnownFileType = sourcecode.c.objc; path = SVIndefiniteAnimatedView.m; sourceTree = "<group>"; };
		D4D8AF021C50DCEB00FF883A /* SVProgressHUD-Prefix.pch */ = {isa = PBXFileReference; fileEncoding = 4; lastKnownFileType = sourcecode.c.h; path = "SVProgressHUD-Prefix.pch"; sourceTree = "<group>"; };
		D4D8AF031C50DCEB00FF883A /* SVProgressHUD.bundle */ = {isa = PBXFileReference; lastKnownFileType = "wrapper.plug-in"; path = SVProgressHUD.bundle; sourceTree = "<group>"; };
		D4D8AF041C50DCEB00FF883A /* SVProgressHUD.h */ = {isa = PBXFileReference; fileEncoding = 4; lastKnownFileType = sourcecode.c.h; path = SVProgressHUD.h; sourceTree = "<group>"; };
		D4D8AF051C50DCEB00FF883A /* SVProgressHUD.m */ = {isa = PBXFileReference; fileEncoding = 4; lastKnownFileType = sourcecode.c.objc; path = SVProgressHUD.m; sourceTree = "<group>"; };
		D4D8AF061C50DCEB00FF883A /* SVRadialGradientLayer.h */ = {isa = PBXFileReference; fileEncoding = 4; lastKnownFileType = sourcecode.c.h; path = SVRadialGradientLayer.h; sourceTree = "<group>"; };
		D4D8AF071C50DCEB00FF883A /* SVRadialGradientLayer.m */ = {isa = PBXFileReference; fileEncoding = 4; lastKnownFileType = sourcecode.c.objc; path = SVRadialGradientLayer.m; sourceTree = "<group>"; };
		D4D8AF1D1C50DD0A00FF883A /* PrefixHeader.pch */ = {isa = PBXFileReference; lastKnownFileType = sourcecode.c.h; path = PrefixHeader.pch; sourceTree = "<group>"; };
		D4D8AF1F1C50DF0600FF883A /* FMDatabase.h */ = {isa = PBXFileReference; fileEncoding = 4; lastKnownFileType = sourcecode.c.h; path = FMDatabase.h; sourceTree = "<group>"; };
		D4D8AF201C50DF0600FF883A /* FMDatabase.m */ = {isa = PBXFileReference; fileEncoding = 4; lastKnownFileType = sourcecode.c.objc; path = FMDatabase.m; sourceTree = "<group>"; };
		D4D8AF211C50DF0600FF883A /* FMDatabaseAdditions.h */ = {isa = PBXFileReference; fileEncoding = 4; lastKnownFileType = sourcecode.c.h; path = FMDatabaseAdditions.h; sourceTree = "<group>"; };
		D4D8AF221C50DF0600FF883A /* FMDatabaseAdditions.m */ = {isa = PBXFileReference; fileEncoding = 4; lastKnownFileType = sourcecode.c.objc; path = FMDatabaseAdditions.m; sourceTree = "<group>"; };
		D4D8AF231C50DF0600FF883A /* FMDatabasePool.h */ = {isa = PBXFileReference; fileEncoding = 4; lastKnownFileType = sourcecode.c.h; path = FMDatabasePool.h; sourceTree = "<group>"; };
		D4D8AF241C50DF0600FF883A /* FMDatabasePool.m */ = {isa = PBXFileReference; fileEncoding = 4; lastKnownFileType = sourcecode.c.objc; path = FMDatabasePool.m; sourceTree = "<group>"; };
		D4D8AF251C50DF0600FF883A /* FMDatabaseQueue.h */ = {isa = PBXFileReference; fileEncoding = 4; lastKnownFileType = sourcecode.c.h; path = FMDatabaseQueue.h; sourceTree = "<group>"; };
		D4D8AF261C50DF0600FF883A /* FMDatabaseQueue.m */ = {isa = PBXFileReference; fileEncoding = 4; lastKnownFileType = sourcecode.c.objc; path = FMDatabaseQueue.m; sourceTree = "<group>"; };
		D4D8AF271C50DF0600FF883A /* FMDB.h */ = {isa = PBXFileReference; fileEncoding = 4; lastKnownFileType = sourcecode.c.h; path = FMDB.h; sourceTree = "<group>"; };
		D4D8AF281C50DF0600FF883A /* FMResultSet.h */ = {isa = PBXFileReference; fileEncoding = 4; lastKnownFileType = sourcecode.c.h; path = FMResultSet.h; sourceTree = "<group>"; };
		D4D8AF291C50DF0600FF883A /* FMResultSet.m */ = {isa = PBXFileReference; fileEncoding = 4; lastKnownFileType = sourcecode.c.objc; path = FMResultSet.m; sourceTree = "<group>"; };
		D4D8AF2F1C50DF8A00FF883A /* libsqlite3.tbd */ = {isa = PBXFileReference; lastKnownFileType = "sourcecode.text-based-dylib-definition"; name = libsqlite3.tbd; path = usr/lib/libsqlite3.tbd; sourceTree = SDKROOT; };
		D4D8AF351C50E77500FF883A /* AllTestTab.png */ = {isa = PBXFileReference; lastKnownFileType = image.png; path = AllTestTab.png; sourceTree = "<group>"; };
		D4D8AF381C50E77500FF883A /* attendance.png */ = {isa = PBXFileReference; lastKnownFileType = image.png; path = attendance.png; sourceTree = "<group>"; };
		D4D8AF3B1C50E77500FF883A /* attendance_tab.png */ = {isa = PBXFileReference; lastKnownFileType = image.png; path = attendance_tab.png; sourceTree = "<group>"; };
		D4D8AF3E1C50E77500FF883A /* calendar_signup.png */ = {isa = PBXFileReference; lastKnownFileType = image.png; path = calendar_signup.png; sourceTree = "<group>"; };
		D4D8AF411C50E77500FF883A /* Class Logo.png */ = {isa = PBXFileReference; lastKnownFileType = image.png; path = "Class Logo.png"; sourceTree = "<group>"; };
		D4D8AF441C50E77500FF883A /* class_icon_inner.png */ = {isa = PBXFileReference; lastKnownFileType = image.png; path = class_icon_inner.png; sourceTree = "<group>"; };
		D4D8AF471C50E77500FF883A /* comments.png */ = {isa = PBXFileReference; lastKnownFileType = image.png; path = comments.png; sourceTree = "<group>"; };
		D4D8AF4A1C50E77500FF883A /* comments_tab.png */ = {isa = PBXFileReference; lastKnownFileType = image.png; path = comments_tab.png; sourceTree = "<group>"; };
		D4D8AF4D1C50E77500FF883A /* contact.png */ = {isa = PBXFileReference; lastKnownFileType = image.png; path = contact.png; sourceTree = "<group>"; };
		D4D8AF501C50E77500FF883A /* contact_tab.png */ = {isa = PBXFileReference; lastKnownFileType = image.png; path = contact_tab.png; sourceTree = "<group>"; };
		D4D8AF531C50E77500FF883A /* freebies.png */ = {isa = PBXFileReference; lastKnownFileType = image.png; path = freebies.png; sourceTree = "<group>"; };
		D4D8AF561C50E77500FF883A /* freebies_tab.png */ = {isa = PBXFileReference; lastKnownFileType = image.png; path = freebies_tab.png; sourceTree = "<group>"; };
		D4D8AF591C50E77500FF883A /* Menu.png */ = {isa = PBXFileReference; lastKnownFileType = image.png; path = Menu.png; sourceTree = "<group>"; };
		D4D8AF5C1C50E77500FF883A /* performance.png */ = {isa = PBXFileReference; lastKnownFileType = image.png; path = performance.png; sourceTree = "<group>"; };
		D4D8AF5F1C50E77500FF883A /* performance_tab.png */ = {isa = PBXFileReference; lastKnownFileType = image.png; path = performance_tab.png; sourceTree = "<group>"; };
		D4D8AF621C50E77500FF883A /* Splash.png */ = {isa = PBXFileReference; lastKnownFileType = image.png; path = Splash.png; sourceTree = "<group>"; };
		D4D8AF651C50E77500FF883A /* SubjectWiseTab.png */ = {isa = PBXFileReference; lastKnownFileType = image.png; path = SubjectWiseTab.png; sourceTree = "<group>"; };
		D4D8AF681C50E77500FF883A /* submit_btn.png */ = {isa = PBXFileReference; lastKnownFileType = image.png; path = submit_btn.png; sourceTree = "<group>"; };
		D4D8AF6B1C50E77500FF883A /* TestWiseTab.png */ = {isa = PBXFileReference; lastKnownFileType = image.png; path = TestWiseTab.png; sourceTree = "<group>"; };
/* End PBXFileReference section */

/* Begin PBXFrameworksBuildPhase section */
		18CF25391C3AF90F00F9F303 /* Frameworks */ = {
			isa = PBXFrameworksBuildPhase;
			buildActionMask = 2147483647;
			files = (
				D4D8AF301C50DF8A00FF883A /* libsqlite3.tbd in Frameworks */,
				186BAEC71C5CB6BA00F3C00D /* Charts.framework in Frameworks */,
			);
			runOnlyForDeploymentPostprocessing = 0;
		};
		18CF25521C3AF91000F9F303 /* Frameworks */ = {
			isa = PBXFrameworksBuildPhase;
			buildActionMask = 2147483647;
			files = (
			);
			runOnlyForDeploymentPostprocessing = 0;
		};
		18CF255D1C3AF91000F9F303 /* Frameworks */ = {
			isa = PBXFrameworksBuildPhase;
			buildActionMask = 2147483647;
			files = (
			);
			runOnlyForDeploymentPostprocessing = 0;
		};
/* End PBXFrameworksBuildPhase section */

/* Begin PBXGroup section */
		186BAE861C5CA11400F3C00D /* Products */ = {
			isa = PBXGroup;
			children = (
				186BAE8C1C5CA11400F3C00D /* Charts.framework */,
				186BAE901C5CA11400F3C00D /* ChartsTests.xctest */,
			);
			name = Products;
			sourceTree = "<group>";
		};
		186BAEB71C5CB3CE00F3C00D /* Components */ = {
			isa = PBXGroup;
			children = (
				186BAEB81C5CB3CE00F3C00D /* BalloonMarker.swift */,
				186BAEB91C5CB3CE00F3C00D /* MyCustomXValueFormatter.h */,
				186BAEBA1C5CB3CE00F3C00D /* MyCustomXValueFormatter.m */,
			);
			path = Components;
			sourceTree = "<group>";
		};
		186BAED01C5E884F00F3C00D /* Model */ = {
			isa = PBXGroup;
			children = (
				186BAEF81C5E897000F3C00D /* Request */,
				186BAEF91C5E897800F3C00D /* Response */,
				186BAEE51C5E884F00F3C00D /* SingleNewsObject.h */,
				186BAEE61C5E884F00F3C00D /* SingleNewsObject.m */,
			);
			path = Model;
			sourceTree = "<group>";
		};
		186BAEF81C5E897000F3C00D /* Request */ = {
			isa = PBXGroup;
			children = (
				186BAED11C5E884F00F3C00D /* SumbitStudentDetailsRequestObject.h */,
				186BAED21C5E884F00F3C00D /* SumbitStudentDetailsRequestObject.m */,
				1886669B1C6142AC00492007 /* GetAttendanceRequestObject.h */,
				1886669C1C6142AC00492007 /* GetAttendanceRequestObject.m */,
				D44AD3CB1C65CA79000E33BF /* GetTeacherCommentsRequestObject.h */,
				D44AD3CC1C65CA79000E33BF /* GetTeacherCommentsRequestObject.m */,
			);
			name = Request;
			sourceTree = "<group>";
		};
		186BAEF91C5E897800F3C00D /* Response */ = {
			isa = PBXGroup;
			children = (
				186BAEDB1C5E884F00F3C00D /* SubmitStudentDetailsResponseObject.h */,
				186BAEDC1C5E884F00F3C00D /* SubmitStudentDetailsResponseObject.m */,
				1886669E1C61433400492007 /* GetAttendanceResponseObject.h */,
				1886669F1C61433400492007 /* GetAttendanceResponseObject.m */,
				D44AD3CF1C65CAAD000E33BF /* GetTeacherCommentResponseObject.h */,
				D44AD3D01C65CAAD000E33BF /* GetTeacherCommentResponseObject.m */,
				D44AD3D51C667385000E33BF /* GetContactUsResponseObject.h */,
				D44AD3D61C667385000E33BF /* GetContactUsResponseObject.m */,
			);
			name = Response;
			sourceTree = "<group>";
		};
		18CF25331C3AF90E00F9F303 = {
			isa = PBXGroup;
			children = (
				18CF253E1C3AF90F00F9F303 /* CoachingClass */,
				18CF25581C3AF91000F9F303 /* CoachingClassTests */,
				18CF25631C3AF91000F9F303 /* CoachingClassUITests */,
				18CF253D1C3AF90F00F9F303 /* Products */,
				186BAE851C5CA11400F3C00D /* Charts.xcodeproj */,
			);
			sourceTree = "<group>";
		};
		18CF253D1C3AF90F00F9F303 /* Products */ = {
			isa = PBXGroup;
			children = (
				18CF253C1C3AF90F00F9F303 /* CoachingClass.app */,
				18CF25551C3AF91000F9F303 /* CoachingClassTests.xctest */,
				18CF25601C3AF91000F9F303 /* CoachingClassUITests.xctest */,
			);
			name = Products;
			sourceTree = "<group>";
		};
		18CF253E1C3AF90F00F9F303 /* CoachingClass */ = {
			isa = PBXGroup;
			children = (
				186BAED01C5E884F00F3C00D /* Model */,
				186BAEB71C5CB3CE00F3C00D /* Components */,
				D40D933A1C52582F001C8ECC /* Custom Controls */,
				D4D8AF321C50E77500FF883A /* Resources */,
				D4D8AED81C50DCD800FF883A /* Library */,
				D4D8AEC51C50DCD300FF883A /* Helpers */,
				18CF25421C3AF90F00F9F303 /* AppDelegate.h */,
				18CF25431C3AF90F00F9F303 /* AppDelegate.m */,
				18CF25451C3AF90F00F9F303 /* ViewController.h */,
				18CF25461C3AF90F00F9F303 /* ViewController.m */,
				18CF25481C3AF90F00F9F303 /* Main.storyboard */,
				18CF254B1C3AF90F00F9F303 /* Assets.xcassets */,
				18CF254D1C3AF90F00F9F303 /* LaunchScreen.storyboard */,
				18CF25501C3AF90F00F9F303 /* Info.plist */,
				18CF253F1C3AF90F00F9F303 /* Supporting Files */,
				D40D93241C524113001C8ECC /* HomeViewController.h */,
				D40D93251C524113001C8ECC /* HomeViewController.m */,
				D40D93291C5248C0001C8ECC /* SideMenuViewController.h */,
				D40D932A1C5248C0001C8ECC /* SideMenuViewController.m */,
				D40D93321C52572D001C8ECC /* SubjectListViewController.h */,
				D40D93331C52572D001C8ECC /* SubjectListViewController.m */,
				186BAE811C5C9C6C00F3C00D /* SubjectGraphViewController.h */,
				186BAE821C5C9C6C00F3C00D /* SubjectGraphViewController.m */,
				189104701C5A9CA800E8D970 /* AttendanceViewController.h */,
				189104711C5A9CA800E8D970 /* AttendanceViewController.m */,
				1891047B1C5AAAE400E8D970 /* CommentsViewController.h */,
				1891047C1C5AAAE400E8D970 /* CommentsViewController.m */,
				189104861C5AB4FA00E8D970 /* ContactUsViewController.h */,
				189104871C5AB4FA00E8D970 /* ContactUsViewController.m */,
				188666971C61403400492007 /* SplashViewController.h */,
				188666981C61403400492007 /* SplashViewController.m */,
				D44AD3D21C66710F000E33BF /* FreebiesViewController.h */,
				D44AD3D31C66710F000E33BF /* FreebiesViewController.m */,
			);
			path = CoachingClass;
			sourceTree = "<group>";
		};
		18CF253F1C3AF90F00F9F303 /* Supporting Files */ = {
			isa = PBXGroup;
			children = (
				186BAE921C5CA55B00F3C00D /* CoachingClass-Bridging-Header.h */,
				18CF25401C3AF90F00F9F303 /* main.m */,
				D4D8AF1D1C50DD0A00FF883A /* PrefixHeader.pch */,
			);
			name = "Supporting Files";
			sourceTree = "<group>";
		};
		18CF25581C3AF91000F9F303 /* CoachingClassTests */ = {
			isa = PBXGroup;
			children = (
				18CF25591C3AF91000F9F303 /* CoachingClassTests.m */,
				18CF255B1C3AF91000F9F303 /* Info.plist */,
			);
			path = CoachingClassTests;
			sourceTree = "<group>";
		};
		18CF25631C3AF91000F9F303 /* CoachingClassUITests */ = {
			isa = PBXGroup;
			children = (
				18CF25641C3AF91000F9F303 /* CoachingClassUITests.m */,
				18CF25661C3AF91000F9F303 /* Info.plist */,
			);
			path = CoachingClassUITests;
			sourceTree = "<group>";
		};
		D40D93201C523EDE001C8ECC /* SWRevealViewController */ = {
			isa = PBXGroup;
			children = (
				D40D93211C523EDE001C8ECC /* SWRevealViewController.h */,
				D40D93221C523EDE001C8ECC /* SWRevealViewController.m */,
			);
			path = SWRevealViewController;
			sourceTree = "<group>";
		};
		D40D933A1C52582F001C8ECC /* Custom Controls */ = {
			isa = PBXGroup;
			children = (
				D40D93451C525E39001C8ECC /* SideMenuTableViewCell.h */,
				D40D93461C525E39001C8ECC /* SideMenuTableViewCell.m */,
				D40D93471C525E39001C8ECC /* SideMenuTableViewCell.xib */,
				D40D933B1C52582F001C8ECC /* ScoresListTableViewCell.h */,
				D40D933C1C52582F001C8ECC /* ScoresListTableViewCell.m */,
				D40D933D1C52582F001C8ECC /* ScoresListTableViewCell.xib */,
				189104811C5AAC0F00E8D970 /* CommentsTableViewCell.h */,
				189104821C5AAC0F00E8D970 /* CommentsTableViewCell.m */,
				189104831C5AAC0F00E8D970 /* CommentsTableViewCell.xib */,
			);
			path = "Custom Controls";
			sourceTree = "<group>";
		};
		D4D8AEC51C50DCD300FF883A /* Helpers */ = {
			isa = PBXGroup;
			children = (
				186BAEB41C5CB04D00F3C00D /* GraphBaseViewController.h */,
				186BAEB51C5CB04D00F3C00D /* GraphBaseViewController.m */,
				D4D8AEC61C50DCD300FF883A /* Constants.h */,
				D4D8AEC71C50DCD300FF883A /* DataSyncManager.h */,
				D4D8AEC81C50DCD300FF883A /* DataSyncManager.m */,
				D4D8AEC91C50DCD300FF883A /* DBManager.h */,
				D4D8AECA1C50DCD300FF883A /* DBManager.m */,
				D4D8AECD1C50DCD300FF883A /* Settings.h */,
				D4D8AECE1C50DCD300FF883A /* SharedClass.h */,
				D4D8AECF1C50DCD300FF883A /* SharedClass.m */,
				D4D8AED01C50DCD300FF883A /* YRCoverFlowLayout */,
			);
			path = Helpers;
			sourceTree = "<group>";
		};
		D4D8AED01C50DCD300FF883A /* YRCoverFlowLayout */ = {
			isa = PBXGroup;
			children = (
				D4D8AED11C50DCD300FF883A /* YRCoverFlowLayout.h */,
				D4D8AED21C50DCD300FF883A /* YRCoverFlowLayout.m */,
			);
			path = YRCoverFlowLayout;
			sourceTree = "<group>";
		};
		D4D8AED81C50DCD800FF883A /* Library */ = {
			isa = PBXGroup;
			children = (
				D4D8AF2F1C50DF8A00FF883A /* libsqlite3.tbd */,
				D40D93201C523EDE001C8ECC /* SWRevealViewController */,
				D4D8AF1E1C50DF0600FF883A /* fmdb */,
				D4D8AED91C50DCEB00FF883A /* AFNetworking */,
				D4D8AEFF1C50DCEB00FF883A /* SVProgressHUD */,
			);
			name = Library;
			sourceTree = "<group>";
		};
		D4D8AED91C50DCEB00FF883A /* AFNetworking */ = {
			isa = PBXGroup;
			children = (
				D4D8AEDA1C50DCEB00FF883A /* AFHTTPRequestOperation.h */,
				D4D8AEDB1C50DCEB00FF883A /* AFHTTPRequestOperation.m */,
				D4D8AEDC1C50DCEB00FF883A /* AFHTTPRequestOperationManager.h */,
				D4D8AEDD1C50DCEB00FF883A /* AFHTTPRequestOperationManager.m */,
				D4D8AEDE1C50DCEB00FF883A /* AFHTTPSessionManager.h */,
				D4D8AEDF1C50DCEB00FF883A /* AFHTTPSessionManager.m */,
				D4D8AEE01C50DCEB00FF883A /* AFNetworking.h */,
				D4D8AEE11C50DCEB00FF883A /* AFNetworkReachabilityManager.h */,
				D4D8AEE21C50DCEB00FF883A /* AFNetworkReachabilityManager.m */,
				D4D8AEE31C50DCEB00FF883A /* AFSecurityPolicy.h */,
				D4D8AEE41C50DCEB00FF883A /* AFSecurityPolicy.m */,
				D4D8AEE51C50DCEB00FF883A /* AFURLConnectionOperation.h */,
				D4D8AEE61C50DCEB00FF883A /* AFURLConnectionOperation.m */,
				D4D8AEE71C50DCEB00FF883A /* AFURLRequestSerialization.h */,
				D4D8AEE81C50DCEB00FF883A /* AFURLRequestSerialization.m */,
				D4D8AEE91C50DCEB00FF883A /* AFURLResponseSerialization.h */,
				D4D8AEEA1C50DCEB00FF883A /* AFURLResponseSerialization.m */,
				D4D8AEEB1C50DCEB00FF883A /* AFURLSessionManager.h */,
				D4D8AEEC1C50DCEB00FF883A /* AFURLSessionManager.m */,
				D4D8AEED1C50DCEB00FF883A /* UIKit+AFNetworking */,
			);
			path = AFNetworking;
			sourceTree = "<group>";
		};
		D4D8AEED1C50DCEB00FF883A /* UIKit+AFNetworking */ = {
			isa = PBXGroup;
			children = (
				D4D8AEEE1C50DCEB00FF883A /* AFNetworkActivityIndicatorManager.h */,
				D4D8AEEF1C50DCEB00FF883A /* AFNetworkActivityIndicatorManager.m */,
				D4D8AEF01C50DCEB00FF883A /* UIActivityIndicatorView+AFNetworking.h */,
				D4D8AEF11C50DCEB00FF883A /* UIActivityIndicatorView+AFNetworking.m */,
				D4D8AEF21C50DCEB00FF883A /* UIAlertView+AFNetworking.h */,
				D4D8AEF31C50DCEB00FF883A /* UIAlertView+AFNetworking.m */,
				D4D8AEF41C50DCEB00FF883A /* UIButton+AFNetworking.h */,
				D4D8AEF51C50DCEB00FF883A /* UIButton+AFNetworking.m */,
				D4D8AEF61C50DCEB00FF883A /* UIImageView+AFNetworking.h */,
				D4D8AEF71C50DCEB00FF883A /* UIImageView+AFNetworking.m */,
				D4D8AEF81C50DCEB00FF883A /* UIKit+AFNetworking.h */,
				D4D8AEF91C50DCEB00FF883A /* UIProgressView+AFNetworking.h */,
				D4D8AEFA1C50DCEB00FF883A /* UIProgressView+AFNetworking.m */,
				D4D8AEFB1C50DCEB00FF883A /* UIRefreshControl+AFNetworking.h */,
				D4D8AEFC1C50DCEB00FF883A /* UIRefreshControl+AFNetworking.m */,
				D4D8AEFD1C50DCEB00FF883A /* UIWebView+AFNetworking.h */,
				D4D8AEFE1C50DCEB00FF883A /* UIWebView+AFNetworking.m */,
			);
			path = "UIKit+AFNetworking";
			sourceTree = "<group>";
		};
		D4D8AEFF1C50DCEB00FF883A /* SVProgressHUD */ = {
			isa = PBXGroup;
			children = (
				D4D8AF001C50DCEB00FF883A /* SVIndefiniteAnimatedView.h */,
				D4D8AF011C50DCEB00FF883A /* SVIndefiniteAnimatedView.m */,
				D4D8AF021C50DCEB00FF883A /* SVProgressHUD-Prefix.pch */,
				D4D8AF031C50DCEB00FF883A /* SVProgressHUD.bundle */,
				D4D8AF041C50DCEB00FF883A /* SVProgressHUD.h */,
				D4D8AF051C50DCEB00FF883A /* SVProgressHUD.m */,
				D4D8AF061C50DCEB00FF883A /* SVRadialGradientLayer.h */,
				D4D8AF071C50DCEB00FF883A /* SVRadialGradientLayer.m */,
			);
			path = SVProgressHUD;
			sourceTree = "<group>";
		};
		D4D8AF1E1C50DF0600FF883A /* fmdb */ = {
			isa = PBXGroup;
			children = (
				D4D8AF1F1C50DF0600FF883A /* FMDatabase.h */,
				D4D8AF201C50DF0600FF883A /* FMDatabase.m */,
				D4D8AF211C50DF0600FF883A /* FMDatabaseAdditions.h */,
				D4D8AF221C50DF0600FF883A /* FMDatabaseAdditions.m */,
				D4D8AF231C50DF0600FF883A /* FMDatabasePool.h */,
				D4D8AF241C50DF0600FF883A /* FMDatabasePool.m */,
				D4D8AF251C50DF0600FF883A /* FMDatabaseQueue.h */,
				D4D8AF261C50DF0600FF883A /* FMDatabaseQueue.m */,
				D4D8AF271C50DF0600FF883A /* FMDB.h */,
				D4D8AF281C50DF0600FF883A /* FMResultSet.h */,
				D4D8AF291C50DF0600FF883A /* FMResultSet.m */,
			);
			path = fmdb;
			sourceTree = "<group>";
		};
		D4D8AF321C50E77500FF883A /* Resources */ = {
			isa = PBXGroup;
			children = (
				186BAECE1C5CBC9500F3C00D /* GraphBG.png */,
				189104791C5AA3B800E8D970 /* AttendanceTableSeparator.png */,
				189104771C5AA2A200E8D970 /* AttendanceTableBG.png */,
				189104751C5A9F6100E8D970 /* AttendanceHeadeBG.png */,
				D40D93271C5248A5001C8ECC /* Person.png */,
				D4D8AF351C50E77500FF883A /* AllTestTab.png */,
				D4D8AF381C50E77500FF883A /* attendance.png */,
				D4D8AF3B1C50E77500FF883A /* attendance_tab.png */,
				D4D8AF3E1C50E77500FF883A /* calendar_signup.png */,
				D4D8AF411C50E77500FF883A /* Class Logo.png */,
				D4D8AF441C50E77500FF883A /* class_icon_inner.png */,
				D4D8AF471C50E77500FF883A /* comments.png */,
				D4D8AF4A1C50E77500FF883A /* comments_tab.png */,
				D4D8AF4D1C50E77500FF883A /* contact.png */,
				D4D8AF501C50E77500FF883A /* contact_tab.png */,
				D4D8AF531C50E77500FF883A /* freebies.png */,
				D4D8AF561C50E77500FF883A /* freebies_tab.png */,
				D4D8AF591C50E77500FF883A /* Menu.png */,
				D4D8AF5C1C50E77500FF883A /* performance.png */,
				D4D8AF5F1C50E77500FF883A /* performance_tab.png */,
				D4D8AF621C50E77500FF883A /* Splash.png */,
				D4D8AF651C50E77500FF883A /* SubjectWiseTab.png */,
				D4D8AF681C50E77500FF883A /* submit_btn.png */,
				D4D8AF6B1C50E77500FF883A /* TestWiseTab.png */,
			);
			path = Resources;
			sourceTree = "<group>";
		};
/* End PBXGroup section */

/* Begin PBXNativeTarget section */
		18CF253B1C3AF90F00F9F303 /* CoachingClass */ = {
			isa = PBXNativeTarget;
			buildConfigurationList = 18CF25691C3AF91000F9F303 /* Build configuration list for PBXNativeTarget "CoachingClass" */;
			buildPhases = (
				18CF25381C3AF90F00F9F303 /* Sources */,
				18CF25391C3AF90F00F9F303 /* Frameworks */,
				18CF253A1C3AF90F00F9F303 /* Resources */,
				186BAECB1C5CB6BB00F3C00D /* Embed Frameworks */,
			);
			buildRules = (
			);
			dependencies = (
				186BAEC51C5CB69D00F3C00D /* PBXTargetDependency */,
				186BAECA1C5CB6BA00F3C00D /* PBXTargetDependency */,
			);
			name = CoachingClass;
			productName = CoachingClass;
			productReference = 18CF253C1C3AF90F00F9F303 /* CoachingClass.app */;
			productType = "com.apple.product-type.application";
		};
		18CF25541C3AF91000F9F303 /* CoachingClassTests */ = {
			isa = PBXNativeTarget;
			buildConfigurationList = 18CF256C1C3AF91000F9F303 /* Build configuration list for PBXNativeTarget "CoachingClassTests" */;
			buildPhases = (
				18CF25511C3AF91000F9F303 /* Sources */,
				18CF25521C3AF91000F9F303 /* Frameworks */,
				18CF25531C3AF91000F9F303 /* Resources */,
			);
			buildRules = (
			);
			dependencies = (
				18CF25571C3AF91000F9F303 /* PBXTargetDependency */,
			);
			name = CoachingClassTests;
			productName = CoachingClassTests;
			productReference = 18CF25551C3AF91000F9F303 /* CoachingClassTests.xctest */;
			productType = "com.apple.product-type.bundle.unit-test";
		};
		18CF255F1C3AF91000F9F303 /* CoachingClassUITests */ = {
			isa = PBXNativeTarget;
			buildConfigurationList = 18CF256F1C3AF91000F9F303 /* Build configuration list for PBXNativeTarget "CoachingClassUITests" */;
			buildPhases = (
				18CF255C1C3AF91000F9F303 /* Sources */,
				18CF255D1C3AF91000F9F303 /* Frameworks */,
				18CF255E1C3AF91000F9F303 /* Resources */,
			);
			buildRules = (
			);
			dependencies = (
				18CF25621C3AF91000F9F303 /* PBXTargetDependency */,
			);
			name = CoachingClassUITests;
			productName = CoachingClassUITests;
			productReference = 18CF25601C3AF91000F9F303 /* CoachingClassUITests.xctest */;
			productType = "com.apple.product-type.bundle.ui-testing";
		};
/* End PBXNativeTarget section */

/* Begin PBXProject section */
		18CF25341C3AF90F00F9F303 /* Project object */ = {
			isa = PBXProject;
			attributes = {
				LastUpgradeCheck = 0710;
				ORGANIZATIONNAME = "Star Deep";
				TargetAttributes = {
					18CF253B1C3AF90F00F9F303 = {
						CreatedOnToolsVersion = 7.1.1;
					};
					18CF25541C3AF91000F9F303 = {
						CreatedOnToolsVersion = 7.1.1;
						TestTargetID = 18CF253B1C3AF90F00F9F303;
					};
					18CF255F1C3AF91000F9F303 = {
						CreatedOnToolsVersion = 7.1.1;
						TestTargetID = 18CF253B1C3AF90F00F9F303;
					};
				};
			};
			buildConfigurationList = 18CF25371C3AF90F00F9F303 /* Build configuration list for PBXProject "CoachingClass" */;
			compatibilityVersion = "Xcode 3.2";
			developmentRegion = English;
			hasScannedForEncodings = 0;
			knownRegions = (
				en,
				Base,
			);
			mainGroup = 18CF25331C3AF90E00F9F303;
			productRefGroup = 18CF253D1C3AF90F00F9F303 /* Products */;
			projectDirPath = "";
			projectReferences = (
				{
					ProductGroup = 186BAE861C5CA11400F3C00D /* Products */;
					ProjectRef = 186BAE851C5CA11400F3C00D /* Charts.xcodeproj */;
				},
			);
			projectRoot = "";
			targets = (
				18CF253B1C3AF90F00F9F303 /* CoachingClass */,
				18CF25541C3AF91000F9F303 /* CoachingClassTests */,
				18CF255F1C3AF91000F9F303 /* CoachingClassUITests */,
			);
		};
/* End PBXProject section */

/* Begin PBXReferenceProxy section */
		186BAE8C1C5CA11400F3C00D /* Charts.framework */ = {
			isa = PBXReferenceProxy;
			fileType = wrapper.framework;
			path = Charts.framework;
			remoteRef = 186BAE8B1C5CA11400F3C00D /* PBXContainerItemProxy */;
			sourceTree = BUILT_PRODUCTS_DIR;
		};
		186BAE901C5CA11400F3C00D /* ChartsTests.xctest */ = {
			isa = PBXReferenceProxy;
			fileType = wrapper.cfbundle;
			path = ChartsTests.xctest;
			remoteRef = 186BAE8F1C5CA11400F3C00D /* PBXContainerItemProxy */;
			sourceTree = BUILT_PRODUCTS_DIR;
		};
/* End PBXReferenceProxy section */

/* Begin PBXResourcesBuildPhase section */
		18CF253A1C3AF90F00F9F303 /* Resources */ = {
			isa = PBXResourcesBuildPhase;
			buildActionMask = 2147483647;
			files = (
				D4D8AFA21C50E77500FF883A /* submit_btn.png in Resources */,
				D4D8AF7B1C50E77500FF883A /* Class Logo.png in Resources */,
				D4D8AF781C50E77500FF883A /* calendar_signup.png in Resources */,
				D4D8AF901C50E77500FF883A /* freebies_tab.png in Resources */,
				D40D93281C5248A5001C8ECC /* Person.png in Resources */,
				18CF254F1C3AF90F00F9F303 /* LaunchScreen.storyboard in Resources */,
				D4D8AF871C50E77500FF883A /* contact.png in Resources */,
				D4D8AF751C50E77500FF883A /* attendance_tab.png in Resources */,
				189104781C5AA2A200E8D970 /* AttendanceTableBG.png in Resources */,
				18CF254C1C3AF90F00F9F303 /* Assets.xcassets in Resources */,
				D4D8AF9C1C50E77500FF883A /* Splash.png in Resources */,
				D4D8AF8A1C50E77500FF883A /* contact_tab.png in Resources */,
				D4D8AF961C50E77500FF883A /* performance.png in Resources */,
				D4D8AF9F1C50E77500FF883A /* SubjectWiseTab.png in Resources */,
				D4D8AF721C50E77500FF883A /* attendance.png in Resources */,
				D4D8AFA51C50E77500FF883A /* TestWiseTab.png in Resources */,
				D40D93421C52582F001C8ECC /* ScoresListTableViewCell.xib in Resources */,
				D4D8AF811C50E77500FF883A /* comments.png in Resources */,
				D4D8AF8D1C50E77500FF883A /* freebies.png in Resources */,
				D4D8AF841C50E77500FF883A /* comments_tab.png in Resources */,
				D4D8AF931C50E77500FF883A /* Menu.png in Resources */,
				18CF254A1C3AF90F00F9F303 /* Main.storyboard in Resources */,
				189104761C5A9F6100E8D970 /* AttendanceHeadeBG.png in Resources */,
				1891047A1C5AA3B800E8D970 /* AttendanceTableSeparator.png in Resources */,
				D4D8AF991C50E77500FF883A /* performance_tab.png in Resources */,
				D4D8AF1A1C50DCEB00FF883A /* SVProgressHUD.bundle in Resources */,
				D4D8AF7E1C50E77500FF883A /* class_icon_inner.png in Resources */,
				D4D8AF6F1C50E77500FF883A /* AllTestTab.png in Resources */,
				D40D93491C525E39001C8ECC /* SideMenuTableViewCell.xib in Resources */,
				189104851C5AAC0F00E8D970 /* CommentsTableViewCell.xib in Resources */,
				186BAECF1C5CBC9500F3C00D /* GraphBG.png in Resources */,
			);
			runOnlyForDeploymentPostprocessing = 0;
		};
		18CF25531C3AF91000F9F303 /* Resources */ = {
			isa = PBXResourcesBuildPhase;
			buildActionMask = 2147483647;
			files = (
			);
			runOnlyForDeploymentPostprocessing = 0;
		};
		18CF255E1C3AF91000F9F303 /* Resources */ = {
			isa = PBXResourcesBuildPhase;
			buildActionMask = 2147483647;
			files = (
			);
			runOnlyForDeploymentPostprocessing = 0;
		};
/* End PBXResourcesBuildPhase section */

/* Begin PBXSourcesBuildPhase section */
		18CF25381C3AF90F00F9F303 /* Sources */ = {
			isa = PBXSourcesBuildPhase;
			buildActionMask = 2147483647;
			files = (
				D4D8AF101C50DCEB00FF883A /* AFURLSessionManager.m in Sources */,
				D4D8AF191C50DCEB00FF883A /* SVIndefiniteAnimatedView.m in Sources */,
				D4D8AF0D1C50DCEB00FF883A /* AFURLConnectionOperation.m in Sources */,
				D4D8AF171C50DCEB00FF883A /* UIRefreshControl+AFNetworking.m in Sources */,
				D4D8AF141C50DCEB00FF883A /* UIButton+AFNetworking.m in Sources */,
				188666991C61403400492007 /* SplashViewController.m in Sources */,
				186BAEEB1C5E884F00F3C00D /* SumbitStudentDetailsRequestObject.m in Sources */,
				D40D932B1C5248C0001C8ECC /* SideMenuViewController.m in Sources */,
				D4D8AF1B1C50DCEB00FF883A /* SVProgressHUD.m in Sources */,
				D4D8AF161C50DCEB00FF883A /* UIProgressView+AFNetworking.m in Sources */,
				1891047D1C5AAAE400E8D970 /* CommentsViewController.m in Sources */,
				D4D8AF1C1C50DCEB00FF883A /* SVRadialGradientLayer.m in Sources */,
				D40D93231C523EDE001C8ECC /* SWRevealViewController.m in Sources */,
				186BAEF01C5E884F00F3C00D /* SubmitStudentDetailsResponseObject.m in Sources */,
				186BAEF51C5E884F00F3C00D /* SingleNewsObject.m in Sources */,
				D4D8AF2A1C50DF0600FF883A /* FMDatabase.m in Sources */,
				D4D8AF081C50DCEB00FF883A /* AFHTTPRequestOperation.m in Sources */,
				18CF25471C3AF90F00F9F303 /* ViewController.m in Sources */,
				1886669D1C6142AC00492007 /* GetAttendanceRequestObject.m in Sources */,
				D4D8AF131C50DCEB00FF883A /* UIAlertView+AFNetworking.m in Sources */,
				D4D8AF091C50DCEB00FF883A /* AFHTTPRequestOperationManager.m in Sources */,
				18CF25441C3AF90F00F9F303 /* AppDelegate.m in Sources */,
				D4D8AF2C1C50DF0600FF883A /* FMDatabasePool.m in Sources */,
				D4D8AED31C50DCD300FF883A /* DataSyncManager.m in Sources */,
				D4D8AF151C50DCEB00FF883A /* UIImageView+AFNetworking.m in Sources */,
				D4D8AF0A1C50DCEB00FF883A /* AFHTTPSessionManager.m in Sources */,
				189104881C5AB4FA00E8D970 /* ContactUsViewController.m in Sources */,
				D40D93341C52572D001C8ECC /* SubjectListViewController.m in Sources */,
				D4D8AF121C50DCEB00FF883A /* UIActivityIndicatorView+AFNetworking.m in Sources */,
				D4D8AF111C50DCEB00FF883A /* AFNetworkActivityIndicatorManager.m in Sources */,
				18CF25411C3AF90F00F9F303 /* main.m in Sources */,
				D4D8AED41C50DCD300FF883A /* DBManager.m in Sources */,
				D4D8AF0C1C50DCEB00FF883A /* AFSecurityPolicy.m in Sources */,
				D4D8AED71C50DCD300FF883A /* YRCoverFlowLayout.m in Sources */,
				D40D93261C524113001C8ECC /* HomeViewController.m in Sources */,
				D40D93411C52582F001C8ECC /* ScoresListTableViewCell.m in Sources */,
				189104721C5A9CA800E8D970 /* AttendanceViewController.m in Sources */,
				D44AD3D11C65CAAD000E33BF /* GetTeacherCommentResponseObject.m in Sources */,
				D40D93481C525E39001C8ECC /* SideMenuTableViewCell.m in Sources */,
				D4D8AF2D1C50DF0600FF883A /* FMDatabaseQueue.m in Sources */,
				186BAEB61C5CB04D00F3C00D /* GraphBaseViewController.m in Sources */,
				D4D8AF0E1C50DCEB00FF883A /* AFURLRequestSerialization.m in Sources */,
				186BAEBC1C5CB3CE00F3C00D /* MyCustomXValueFormatter.m in Sources */,
				D4D8AF0B1C50DCEB00FF883A /* AFNetworkReachabilityManager.m in Sources */,
				D4D8AF181C50DCEB00FF883A /* UIWebView+AFNetworking.m in Sources */,
				186BAE831C5C9C6C00F3C00D /* SubjectGraphViewController.m in Sources */,
				186BAEBB1C5CB3CE00F3C00D /* BalloonMarker.swift in Sources */,
				D4D8AF0F1C50DCEB00FF883A /* AFURLResponseSerialization.m in Sources */,
				D4D8AF2E1C50DF0600FF883A /* FMResultSet.m in Sources */,
				D44AD3D71C667385000E33BF /* GetContactUsResponseObject.m in Sources */,
				189104841C5AAC0F00E8D970 /* CommentsTableViewCell.m in Sources */,
				188666A01C61433400492007 /* GetAttendanceResponseObject.m in Sources */,
				D4D8AED61C50DCD300FF883A /* SharedClass.m in Sources */,
				D4D8AF2B1C50DF0600FF883A /* FMDatabaseAdditions.m in Sources */,
				D44AD3CD1C65CA79000E33BF /* GetTeacherCommentsRequestObject.m in Sources */,
				D44AD3D41C66710F000E33BF /* FreebiesViewController.m in Sources */,
			);
			runOnlyForDeploymentPostprocessing = 0;
		};
		18CF25511C3AF91000F9F303 /* Sources */ = {
			isa = PBXSourcesBuildPhase;
			buildActionMask = 2147483647;
			files = (
				18CF255A1C3AF91000F9F303 /* CoachingClassTests.m in Sources */,
			);
			runOnlyForDeploymentPostprocessing = 0;
		};
		18CF255C1C3AF91000F9F303 /* Sources */ = {
			isa = PBXSourcesBuildPhase;
			buildActionMask = 2147483647;
			files = (
				18CF25651C3AF91000F9F303 /* CoachingClassUITests.m in Sources */,
			);
			runOnlyForDeploymentPostprocessing = 0;
		};
/* End PBXSourcesBuildPhase section */

/* Begin PBXTargetDependency section */
		186BAEC51C5CB69D00F3C00D /* PBXTargetDependency */ = {
			isa = PBXTargetDependency;
			name = "Charts-iOS";
			targetProxy = 186BAEC41C5CB69D00F3C00D /* PBXContainerItemProxy */;
		};
		186BAECA1C5CB6BA00F3C00D /* PBXTargetDependency */ = {
			isa = PBXTargetDependency;
			name = "Charts-iOS";
			targetProxy = 186BAEC91C5CB6BA00F3C00D /* PBXContainerItemProxy */;
		};
		18CF25571C3AF91000F9F303 /* PBXTargetDependency */ = {
			isa = PBXTargetDependency;
			target = 18CF253B1C3AF90F00F9F303 /* CoachingClass */;
			targetProxy = 18CF25561C3AF91000F9F303 /* PBXContainerItemProxy */;
		};
		18CF25621C3AF91000F9F303 /* PBXTargetDependency */ = {
			isa = PBXTargetDependency;
			target = 18CF253B1C3AF90F00F9F303 /* CoachingClass */;
			targetProxy = 18CF25611C3AF91000F9F303 /* PBXContainerItemProxy */;
		};
/* End PBXTargetDependency section */

/* Begin PBXVariantGroup section */
		18CF25481C3AF90F00F9F303 /* Main.storyboard */ = {
			isa = PBXVariantGroup;
			children = (
				18CF25491C3AF90F00F9F303 /* Base */,
			);
			name = Main.storyboard;
			sourceTree = "<group>";
		};
		18CF254D1C3AF90F00F9F303 /* LaunchScreen.storyboard */ = {
			isa = PBXVariantGroup;
			children = (
				18CF254E1C3AF90F00F9F303 /* Base */,
			);
			name = LaunchScreen.storyboard;
			sourceTree = "<group>";
		};
/* End PBXVariantGroup section */

/* Begin XCBuildConfiguration section */
		18CF25671C3AF91000F9F303 /* Debug */ = {
			isa = XCBuildConfiguration;
			buildSettings = {
				ALWAYS_SEARCH_USER_PATHS = NO;
				CLANG_CXX_LANGUAGE_STANDARD = "gnu++0x";
				CLANG_CXX_LIBRARY = "libc++";
				CLANG_ENABLE_MODULES = YES;
				CLANG_ENABLE_OBJC_ARC = YES;
				CLANG_WARN_BOOL_CONVERSION = YES;
				CLANG_WARN_CONSTANT_CONVERSION = YES;
				CLANG_WARN_DIRECT_OBJC_ISA_USAGE = YES_ERROR;
				CLANG_WARN_EMPTY_BODY = YES;
				CLANG_WARN_ENUM_CONVERSION = YES;
				CLANG_WARN_INT_CONVERSION = YES;
				CLANG_WARN_OBJC_ROOT_CLASS = YES_ERROR;
				CLANG_WARN_UNREACHABLE_CODE = YES;
				CLANG_WARN__DUPLICATE_METHOD_MATCH = YES;
				"CODE_SIGN_IDENTITY[sdk=iphoneos*]" = "iPhone Developer";
				COPY_PHASE_STRIP = NO;
				DEBUG_INFORMATION_FORMAT = dwarf;
				DEFINES_MODULE = YES;
				ENABLE_STRICT_OBJC_MSGSEND = YES;
				ENABLE_TESTABILITY = YES;
				GCC_C_LANGUAGE_STANDARD = gnu99;
				GCC_DYNAMIC_NO_PIC = NO;
				GCC_NO_COMMON_BLOCKS = YES;
				GCC_OPTIMIZATION_LEVEL = 0;
				GCC_PREPROCESSOR_DEFINITIONS = (
					"DEBUG=1",
					"$(inherited)",
				);
				GCC_WARN_64_TO_32_BIT_CONVERSION = YES;
				GCC_WARN_ABOUT_RETURN_TYPE = YES_ERROR;
				GCC_WARN_UNDECLARED_SELECTOR = YES;
				GCC_WARN_UNINITIALIZED_AUTOS = YES_AGGRESSIVE;
				GCC_WARN_UNUSED_FUNCTION = YES;
				GCC_WARN_UNUSED_VARIABLE = YES;
				IPHONEOS_DEPLOYMENT_TARGET = 9.1;
				MTL_ENABLE_DEBUG_INFO = YES;
				ONLY_ACTIVE_ARCH = YES;
				SDKROOT = iphoneos;
			};
			name = Debug;
		};
		18CF25681C3AF91000F9F303 /* Release */ = {
			isa = XCBuildConfiguration;
			buildSettings = {
				ALWAYS_SEARCH_USER_PATHS = NO;
				CLANG_CXX_LANGUAGE_STANDARD = "gnu++0x";
				CLANG_CXX_LIBRARY = "libc++";
				CLANG_ENABLE_MODULES = YES;
				CLANG_ENABLE_OBJC_ARC = YES;
				CLANG_WARN_BOOL_CONVERSION = YES;
				CLANG_WARN_CONSTANT_CONVERSION = YES;
				CLANG_WARN_DIRECT_OBJC_ISA_USAGE = YES_ERROR;
				CLANG_WARN_EMPTY_BODY = YES;
				CLANG_WARN_ENUM_CONVERSION = YES;
				CLANG_WARN_INT_CONVERSION = YES;
				CLANG_WARN_OBJC_ROOT_CLASS = YES_ERROR;
				CLANG_WARN_UNREACHABLE_CODE = YES;
				CLANG_WARN__DUPLICATE_METHOD_MATCH = YES;
				"CODE_SIGN_IDENTITY[sdk=iphoneos*]" = "iPhone Developer";
				COPY_PHASE_STRIP = NO;
				DEBUG_INFORMATION_FORMAT = "dwarf-with-dsym";
				DEFINES_MODULE = YES;
				ENABLE_NS_ASSERTIONS = NO;
				ENABLE_STRICT_OBJC_MSGSEND = YES;
				GCC_C_LANGUAGE_STANDARD = gnu99;
				GCC_NO_COMMON_BLOCKS = YES;
				GCC_WARN_64_TO_32_BIT_CONVERSION = YES;
				GCC_WARN_ABOUT_RETURN_TYPE = YES_ERROR;
				GCC_WARN_UNDECLARED_SELECTOR = YES;
				GCC_WARN_UNINITIALIZED_AUTOS = YES_AGGRESSIVE;
				GCC_WARN_UNUSED_FUNCTION = YES;
				GCC_WARN_UNUSED_VARIABLE = YES;
				IPHONEOS_DEPLOYMENT_TARGET = 9.1;
				MTL_ENABLE_DEBUG_INFO = NO;
				SDKROOT = iphoneos;
				VALIDATE_PRODUCT = YES;
			};
			name = Release;
		};
		18CF256A1C3AF91000F9F303 /* Debug */ = {
			isa = XCBuildConfiguration;
			buildSettings = {
				ASSETCATALOG_COMPILER_APPICON_NAME = AppIcon;
				CLANG_ENABLE_MODULES = YES;
				CODE_SIGN_IDENTITY = "iPhone Distribution: Swapnil Harkanth (CZA6DXR72T)";
				EMBEDDED_CONTENT_CONTAINS_SWIFT = YES;
				FRAMEWORK_SEARCH_PATHS = (
					"$(inherited)",
					"$(PROJECT_DIR)/CoachingClass",
					"$(PROJECT_DIR)/CoachingClass/ios",
				);
				GCC_PREFIX_HEADER = CoachingClass/PrefixHeader.pch;
				INFOPLIST_FILE = CoachingClass/Info.plist;
				IPHONEOS_DEPLOYMENT_TARGET = 8.0;
				LD_RUNPATH_SEARCH_PATHS = "$(inherited) @executable_path/Frameworks";
				PRODUCT_BUNDLE_IDENTIFIER = com.test.CoachingClass;
				PRODUCT_NAME = "$(TARGET_NAME)";
				PROVISIONING_PROFILE = "e9c70652-206a-405b-97b0-8df78d876a97";
				SWIFT_OBJC_BRIDGING_HEADER = "CoachingClass-Bridging-Header.h";
				SWIFT_OPTIMIZATION_LEVEL = "-Onone";
			};
			name = Debug;
		};
		18CF256B1C3AF91000F9F303 /* Release */ = {
			isa = XCBuildConfiguration;
			buildSettings = {
				ASSETCATALOG_COMPILER_APPICON_NAME = AppIcon;
				CLANG_ENABLE_MODULES = YES;
				CODE_SIGN_IDENTITY = "iPhone Distribution: Swapnil Harkanth (CZA6DXR72T)";
				EMBEDDED_CONTENT_CONTAINS_SWIFT = YES;
				FRAMEWORK_SEARCH_PATHS = (
					"$(inherited)",
					"$(PROJECT_DIR)/CoachingClass",
					"$(PROJECT_DIR)/CoachingClass/ios",
				);
				GCC_PREFIX_HEADER = CoachingClass/PrefixHeader.pch;
				INFOPLIST_FILE = CoachingClass/Info.plist;
				IPHONEOS_DEPLOYMENT_TARGET = 8.0;
				LD_RUNPATH_SEARCH_PATHS = "$(inherited) @executable_path/Frameworks";
				PRODUCT_BUNDLE_IDENTIFIER = com.test.CoachingClass;
				PRODUCT_NAME = "$(TARGET_NAME)";
				PROVISIONING_PROFILE = "e9c70652-206a-405b-97b0-8df78d876a97";
				SWIFT_OBJC_BRIDGING_HEADER = "CoachingClass-Bridging-Header.h";
			};
			name = Release;
		};
		18CF256D1C3AF91000F9F303 /* Debug */ = {
			isa = XCBuildConfiguration;
			buildSettings = {
				BUNDLE_LOADER = "$(TEST_HOST)";
				INFOPLIST_FILE = CoachingClassTests/Info.plist;
				LD_RUNPATH_SEARCH_PATHS = "$(inherited) @executable_path/Frameworks @loader_path/Frameworks";
				PRODUCT_BUNDLE_IDENTIFIER = com.test.CoachingClassTests;
				PRODUCT_NAME = "$(TARGET_NAME)";
				TEST_HOST = "$(BUILT_PRODUCTS_DIR)/CoachingClass.app/CoachingClass";
			};
			name = Debug;
		};
		18CF256E1C3AF91000F9F303 /* Release */ = {
			isa = XCBuildConfiguration;
			buildSettings = {
				BUNDLE_LOADER = "$(TEST_HOST)";
				INFOPLIST_FILE = CoachingClassTests/Info.plist;
				LD_RUNPATH_SEARCH_PATHS = "$(inherited) @executable_path/Frameworks @loader_path/Frameworks";
				PRODUCT_BUNDLE_IDENTIFIER = com.test.CoachingClassTests;
				PRODUCT_NAME = "$(TARGET_NAME)";
				TEST_HOST = "$(BUILT_PRODUCTS_DIR)/CoachingClass.app/CoachingClass";
			};
			name = Release;
		};
		18CF25701C3AF91000F9F303 /* Debug */ = {
			isa = XCBuildConfiguration;
			buildSettings = {
				INFOPLIST_FILE = CoachingClassUITests/Info.plist;
				LD_RUNPATH_SEARCH_PATHS = "$(inherited) @executable_path/Frameworks @loader_path/Frameworks";
				PRODUCT_BUNDLE_IDENTIFIER = com.test.CoachingClassUITests;
				PRODUCT_NAME = "$(TARGET_NAME)";
				TEST_TARGET_NAME = CoachingClass;
				USES_XCTRUNNER = YES;
			};
			name = Debug;
		};
		18CF25711C3AF91000F9F303 /* Release */ = {
			isa = XCBuildConfiguration;
			buildSettings = {
				INFOPLIST_FILE = CoachingClassUITests/Info.plist;
				LD_RUNPATH_SEARCH_PATHS = "$(inherited) @executable_path/Frameworks @loader_path/Frameworks";
				PRODUCT_BUNDLE_IDENTIFIER = com.test.CoachingClassUITests;
				PRODUCT_NAME = "$(TARGET_NAME)";
				TEST_TARGET_NAME = CoachingClass;
				USES_XCTRUNNER = YES;
			};
			name = Release;
		};
/* End XCBuildConfiguration section */

/* Begin XCConfigurationList section */
		18CF25371C3AF90F00F9F303 /* Build configuration list for PBXProject "CoachingClass" */ = {
			isa = XCConfigurationList;
			buildConfigurations = (
				18CF25671C3AF91000F9F303 /* Debug */,
				18CF25681C3AF91000F9F303 /* Release */,
			);
			defaultConfigurationIsVisible = 0;
			defaultConfigurationName = Release;
		};
		18CF25691C3AF91000F9F303 /* Build configuration list for PBXNativeTarget "CoachingClass" */ = {
			isa = XCConfigurationList;
			buildConfigurations = (
				18CF256A1C3AF91000F9F303 /* Debug */,
				18CF256B1C3AF91000F9F303 /* Release */,
			);
			defaultConfigurationIsVisible = 0;
			defaultConfigurationName = Release;
		};
		18CF256C1C3AF91000F9F303 /* Build configuration list for PBXNativeTarget "CoachingClassTests" */ = {
			isa = XCConfigurationList;
			buildConfigurations = (
				18CF256D1C3AF91000F9F303 /* Debug */,
				18CF256E1C3AF91000F9F303 /* Release */,
			);
			defaultConfigurationIsVisible = 0;
			defaultConfigurationName = Release;
		};
		18CF256F1C3AF91000F9F303 /* Build configuration list for PBXNativeTarget "CoachingClassUITests" */ = {
			isa = XCConfigurationList;
			buildConfigurations = (
				18CF25701C3AF91000F9F303 /* Debug */,
				18CF25711C3AF91000F9F303 /* Release */,
			);
			defaultConfigurationIsVisible = 0;
			defaultConfigurationName = Release;
		};
/* End XCConfigurationList section */
	};
	rootObject = 18CF25341C3AF90F00F9F303 /* Project object */;
}
